// !$*UTF8*$!
{
	archiveVersion = 1;
	classes = {
	};
	objectVersion = 56;
	objects = {

/* Begin PBXBuildFile section */
		3B46DDAF28E48C4A00C86531 /* AppDelegate.swift in Sources */ = {isa = PBXBuildFile; fileRef = 3B46DDAE28E48C4A00C86531 /* AppDelegate.swift */; };
		3B46DDB128E48C4A00C86531 /* SceneDelegate.swift in Sources */ = {isa = PBXBuildFile; fileRef = 3B46DDB028E48C4A00C86531 /* SceneDelegate.swift */; };
		3B46DDB428E48C4A00C86531 /* LaunchScreen.storyboard in Resources */ = {isa = PBXBuildFile; fileRef = 3B46DDB228E48C4A00C86531 /* LaunchScreen.storyboard */; };
		3B46DDB728E48C4A00C86531 /* Main.storyboard in Resources */ = {isa = PBXBuildFile; fileRef = 3B46DDB528E48C4A00C86531 /* Main.storyboard */; };
		3B46DDC028E48C4A00C86531 /* AppDelegate.swift in Sources */ = {isa = PBXBuildFile; fileRef = 3B46DDBF28E48C4A00C86531 /* AppDelegate.swift */; };
		3B46DDC328E48C4A00C86531 /* Main.storyboard in Resources */ = {isa = PBXBuildFile; fileRef = 3B46DDC128E48C4A00C86531 /* Main.storyboard */; };
		3B46DDCB28E48C4A00C86531 /* Redirector Extension.appex in Embed Foundation Extensions */ = {isa = PBXBuildFile; fileRef = 3B46DDCA28E48C4A00C86531 /* Redirector Extension.appex */; settings = {ATTRIBUTES = (RemoveHeadersOnCopy, ); }; };
		3B46DDD528E48C4A00C86531 /* Redirector Extension.appex in Embed Foundation Extensions */ = {isa = PBXBuildFile; fileRef = 3B46DDD428E48C4A00C86531 /* Redirector Extension.appex */; settings = {ATTRIBUTES = (RemoveHeadersOnCopy, ); }; };
		3B46DDDB28E48C4A00C86531 /* Main.html in Resources */ = {isa = PBXBuildFile; fileRef = 3B46DD9E28E48C4800C86531 /* Main.html */; };
		3B46DDDC28E48C4A00C86531 /* Main.html in Resources */ = {isa = PBXBuildFile; fileRef = 3B46DD9E28E48C4800C86531 /* Main.html */; };
		3B46DDDD28E48C4A00C86531 /* Icon.png in Resources */ = {isa = PBXBuildFile; fileRef = 3B46DDA028E48C4800C86531 /* Icon.png */; };
		3B46DDDE28E48C4A00C86531 /* Icon.png in Resources */ = {isa = PBXBuildFile; fileRef = 3B46DDA028E48C4800C86531 /* Icon.png */; };
		3B46DDDF28E48C4A00C86531 /* Style.css in Resources */ = {isa = PBXBuildFile; fileRef = 3B46DDA128E48C4800C86531 /* Style.css */; };
		3B46DDE028E48C4A00C86531 /* Style.css in Resources */ = {isa = PBXBuildFile; fileRef = 3B46DDA128E48C4800C86531 /* Style.css */; };
		3B46DDE128E48C4A00C86531 /* Script.js in Resources */ = {isa = PBXBuildFile; fileRef = 3B46DDA228E48C4800C86531 /* Script.js */; };
		3B46DDE228E48C4A00C86531 /* Script.js in Resources */ = {isa = PBXBuildFile; fileRef = 3B46DDA228E48C4800C86531 /* Script.js */; };
		3B46DDE328E48C4A00C86531 /* ViewController.swift in Sources */ = {isa = PBXBuildFile; fileRef = 3B46DDA328E48C4800C86531 /* ViewController.swift */; };
		3B46DDE428E48C4A00C86531 /* ViewController.swift in Sources */ = {isa = PBXBuildFile; fileRef = 3B46DDA328E48C4800C86531 /* ViewController.swift */; };
		3B46DDE528E48C4A00C86531 /* Assets.xcassets in Resources */ = {isa = PBXBuildFile; fileRef = 3B46DDA428E48C4A00C86531 /* Assets.xcassets */; };
		3B46DDE628E48C4A00C86531 /* Assets.xcassets in Resources */ = {isa = PBXBuildFile; fileRef = 3B46DDA428E48C4A00C86531 /* Assets.xcassets */; };
		3B46DDE728E48C4A00C86531 /* SafariWebExtensionHandler.swift in Sources */ = {isa = PBXBuildFile; fileRef = 3B46DDA628E48C4A00C86531 /* SafariWebExtensionHandler.swift */; };
		3B46DDE828E48C4A00C86531 /* SafariWebExtensionHandler.swift in Sources */ = {isa = PBXBuildFile; fileRef = 3B46DDA628E48C4A00C86531 /* SafariWebExtensionHandler.swift */; };
		3B46DE0028E48C4A00C86531 /* icon.png in Resources */ = {isa = PBXBuildFile; fileRef = 3B46DDFA28E48C4A00C86531 /* icon.png */; };
		3B46DE0128E48C4A00C86531 /* favicon.ico in Resources */ = {isa = PBXBuildFile; fileRef = 3B46DDFB28E48C4A00C86531 /* favicon.ico */; };
		3B46DE0228E48C4A00C86531 /* index.html in Resources */ = {isa = PBXBuildFile; fileRef = 3B46DDFC28E48C4A00C86531 /* index.html */; };
		3B46DE0328E48C4A00C86531 /* manifest.json in Resources */ = {isa = PBXBuildFile; fileRef = 3B46DDFD28E48C4A00C86531 /* manifest.json */; };
		3B46DE0428E48C4A00C86531 /* background.html in Resources */ = {isa = PBXBuildFile; fileRef = 3B46DDFE28E48C4A00C86531 /* background.html */; };
		3B46DE0528E48C4A00C86531 /* assets in Resources */ = {isa = PBXBuildFile; fileRef = 3B46DDFF28E48C4A00C86531 /* assets */; };
		3B46DE0628E48C4A00C86531 /* icon.png in Resources */ = {isa = PBXBuildFile; fileRef = 3B46DDFA28E48C4A00C86531 /* icon.png */; };
		3B46DE0728E48C4A00C86531 /* favicon.ico in Resources */ = {isa = PBXBuildFile; fileRef = 3B46DDFB28E48C4A00C86531 /* favicon.ico */; };
		3B46DE0828E48C4A00C86531 /* index.html in Resources */ = {isa = PBXBuildFile; fileRef = 3B46DDFC28E48C4A00C86531 /* index.html */; };
		3B46DE0928E48C4A00C86531 /* manifest.json in Resources */ = {isa = PBXBuildFile; fileRef = 3B46DDFD28E48C4A00C86531 /* manifest.json */; };
		3B46DE0A28E48C4A00C86531 /* background.html in Resources */ = {isa = PBXBuildFile; fileRef = 3B46DDFE28E48C4A00C86531 /* background.html */; };
		3B46DE0B28E48C4A00C86531 /* assets in Resources */ = {isa = PBXBuildFile; fileRef = 3B46DDFF28E48C4A00C86531 /* assets */; };
/* End PBXBuildFile section */

/* Begin PBXContainerItemProxy section */
		3B46DDCC28E48C4A00C86531 /* PBXContainerItemProxy */ = {
			isa = PBXContainerItemProxy;
			containerPortal = 3B46DD9828E48C4800C86531 /* Project object */;
			proxyType = 1;
			remoteGlobalIDString = 3B46DDC928E48C4A00C86531;
			remoteInfo = "Redirector Extension (iOS)";
		};
		3B46DDD628E48C4A00C86531 /* PBXContainerItemProxy */ = {
			isa = PBXContainerItemProxy;
			containerPortal = 3B46DD9828E48C4800C86531 /* Project object */;
			proxyType = 1;
			remoteGlobalIDString = 3B46DDD328E48C4A00C86531;
			remoteInfo = "Redirector Extension (macOS)";
		};
/* End PBXContainerItemProxy section */

/* Begin PBXCopyFilesBuildPhase section */
		3B46DDEE28E48C4A00C86531 /* Embed Foundation Extensions */ = {
			isa = PBXCopyFilesBuildPhase;
			buildActionMask = 2147483647;
			dstPath = "";
			dstSubfolderSpec = 13;
			files = (
				3B46DDCB28E48C4A00C86531 /* Redirector Extension.appex in Embed Foundation Extensions */,
			);
			name = "Embed Foundation Extensions";
			runOnlyForDeploymentPostprocessing = 0;
		};
		3B46DDF528E48C4A00C86531 /* Embed Foundation Extensions */ = {
			isa = PBXCopyFilesBuildPhase;
			buildActionMask = 2147483647;
			dstPath = "";
			dstSubfolderSpec = 13;
			files = (
				3B46DDD528E48C4A00C86531 /* Redirector Extension.appex in Embed Foundation Extensions */,
			);
			name = "Embed Foundation Extensions";
			runOnlyForDeploymentPostprocessing = 0;
		};
/* End PBXCopyFilesBuildPhase section */

/* Begin PBXFileReference section */
		3B46DD9F28E48C4800C86531 /* Base */ = {isa = PBXFileReference; lastKnownFileType = text.html; name = Base; path = ../Base.lproj/Main.html; sourceTree = "<group>"; };
		3B46DDA028E48C4800C86531 /* Icon.png */ = {isa = PBXFileReference; lastKnownFileType = image.png; path = Icon.png; sourceTree = "<group>"; };
		3B46DDA128E48C4800C86531 /* Style.css */ = {isa = PBXFileReference; lastKnownFileType = text.css; path = Style.css; sourceTree = "<group>"; };
		3B46DDA228E48C4800C86531 /* Script.js */ = {isa = PBXFileReference; lastKnownFileType = sourcecode.javascript; path = Script.js; sourceTree = "<group>"; };
		3B46DDA328E48C4800C86531 /* ViewController.swift */ = {isa = PBXFileReference; lastKnownFileType = sourcecode.swift; path = ViewController.swift; sourceTree = "<group>"; };
		3B46DDA428E48C4A00C86531 /* Assets.xcassets */ = {isa = PBXFileReference; lastKnownFileType = folder.assetcatalog; path = Assets.xcassets; sourceTree = "<group>"; };
		3B46DDA628E48C4A00C86531 /* SafariWebExtensionHandler.swift */ = {isa = PBXFileReference; lastKnownFileType = sourcecode.swift; path = SafariWebExtensionHandler.swift; sourceTree = "<group>"; };
		3B46DDAB28E48C4A00C86531 /* Redirector.app */ = {isa = PBXFileReference; explicitFileType = wrapper.application; includeInIndex = 0; path = Redirector.app; sourceTree = BUILT_PRODUCTS_DIR; };
		3B46DDAE28E48C4A00C86531 /* AppDelegate.swift */ = {isa = PBXFileReference; lastKnownFileType = sourcecode.swift; path = AppDelegate.swift; sourceTree = "<group>"; };
		3B46DDB028E48C4A00C86531 /* SceneDelegate.swift */ = {isa = PBXFileReference; lastKnownFileType = sourcecode.swift; path = SceneDelegate.swift; sourceTree = "<group>"; };
		3B46DDB328E48C4A00C86531 /* Base */ = {isa = PBXFileReference; lastKnownFileType = file.storyboard; name = Base; path = Base.lproj/LaunchScreen.storyboard; sourceTree = "<group>"; };
		3B46DDB628E48C4A00C86531 /* Base */ = {isa = PBXFileReference; lastKnownFileType = file.storyboard; name = Base; path = Base.lproj/Main.storyboard; sourceTree = "<group>"; };
		3B46DDB828E48C4A00C86531 /* Info.plist */ = {isa = PBXFileReference; lastKnownFileType = text.plist.xml; path = Info.plist; sourceTree = "<group>"; };
		3B46DDBD28E48C4A00C86531 /* Redirector.app */ = {isa = PBXFileReference; explicitFileType = wrapper.application; includeInIndex = 0; path = Redirector.app; sourceTree = BUILT_PRODUCTS_DIR; };
		3B46DDBF28E48C4A00C86531 /* AppDelegate.swift */ = {isa = PBXFileReference; lastKnownFileType = sourcecode.swift; path = AppDelegate.swift; sourceTree = "<group>"; };
		3B46DDC228E48C4A00C86531 /* Base */ = {isa = PBXFileReference; lastKnownFileType = file.storyboard; name = Base; path = Base.lproj/Main.storyboard; sourceTree = "<group>"; };
		3B46DDC428E48C4A00C86531 /* Info.plist */ = {isa = PBXFileReference; lastKnownFileType = text.plist.xml; path = Info.plist; sourceTree = "<group>"; };
		3B46DDC528E48C4A00C86531 /* Redirector.entitlements */ = {isa = PBXFileReference; lastKnownFileType = text.plist.entitlements; path = Redirector.entitlements; sourceTree = "<group>"; };
		3B46DDCA28E48C4A00C86531 /* Redirector Extension.appex */ = {isa = PBXFileReference; explicitFileType = "wrapper.app-extension"; includeInIndex = 0; path = "Redirector Extension.appex"; sourceTree = BUILT_PRODUCTS_DIR; };
		3B46DDCF28E48C4A00C86531 /* Info.plist */ = {isa = PBXFileReference; lastKnownFileType = text.plist.xml; path = Info.plist; sourceTree = "<group>"; };
		3B46DDD428E48C4A00C86531 /* Redirector Extension.appex */ = {isa = PBXFileReference; explicitFileType = "wrapper.app-extension"; includeInIndex = 0; path = "Redirector Extension.appex"; sourceTree = BUILT_PRODUCTS_DIR; };
		3B46DDD928E48C4A00C86531 /* Info.plist */ = {isa = PBXFileReference; lastKnownFileType = text.plist.xml; path = Info.plist; sourceTree = "<group>"; };
		3B46DDDA28E48C4A00C86531 /* Redirector.entitlements */ = {isa = PBXFileReference; lastKnownFileType = text.plist.entitlements; path = Redirector.entitlements; sourceTree = "<group>"; };
		3B46DDFA28E48C4A00C86531 /* icon.png */ = {isa = PBXFileReference; lastKnownFileType = image.png; name = icon.png; path = ../../../dist/icon.png; sourceTree = "<group>"; };
		3B46DDFB28E48C4A00C86531 /* favicon.ico */ = {isa = PBXFileReference; lastKnownFileType = image.ico; name = favicon.ico; path = ../../../dist/favicon.ico; sourceTree = "<group>"; };
		3B46DDFC28E48C4A00C86531 /* index.html */ = {isa = PBXFileReference; lastKnownFileType = text.html; name = index.html; path = ../../../dist/index.html; sourceTree = "<group>"; };
		3B46DDFD28E48C4A00C86531 /* manifest.json */ = {isa = PBXFileReference; lastKnownFileType = text.json; name = manifest.json; path = ../../../dist/manifest.json; sourceTree = "<group>"; };
		3B46DDFE28E48C4A00C86531 /* background.html */ = {isa = PBXFileReference; lastKnownFileType = text.html; name = background.html; path = ../../../dist/background.html; sourceTree = "<group>"; };
		3B46DDFF28E48C4A00C86531 /* assets */ = {isa = PBXFileReference; lastKnownFileType = folder; name = assets; path = ../../../dist/assets; sourceTree = "<group>"; };
/* End PBXFileReference section */

/* Begin PBXFrameworksBuildPhase section */
		3B46DDA828E48C4A00C86531 /* Frameworks */ = {
			isa = PBXFrameworksBuildPhase;
			buildActionMask = 2147483647;
			files = (
			);
			runOnlyForDeploymentPostprocessing = 0;
		};
		3B46DDBA28E48C4A00C86531 /* Frameworks */ = {
			isa = PBXFrameworksBuildPhase;
			buildActionMask = 2147483647;
			files = (
			);
			runOnlyForDeploymentPostprocessing = 0;
		};
		3B46DDC728E48C4A00C86531 /* Frameworks */ = {
			isa = PBXFrameworksBuildPhase;
			buildActionMask = 2147483647;
			files = (
			);
			runOnlyForDeploymentPostprocessing = 0;
		};
		3B46DDD128E48C4A00C86531 /* Frameworks */ = {
			isa = PBXFrameworksBuildPhase;
			buildActionMask = 2147483647;
			files = (
			);
			runOnlyForDeploymentPostprocessing = 0;
		};
/* End PBXFrameworksBuildPhase section */

/* Begin PBXGroup section */
		3B46DD9728E48C4800C86531 = {
			isa = PBXGroup;
			children = (
				3B46DD9C28E48C4800C86531 /* Shared (App) */,
				3B46DDA528E48C4A00C86531 /* Shared (Extension) */,
				3B46DDAD28E48C4A00C86531 /* iOS (App) */,
				3B46DDBE28E48C4A00C86531 /* macOS (App) */,
				3B46DDCE28E48C4A00C86531 /* iOS (Extension) */,
				3B46DDD828E48C4A00C86531 /* macOS (Extension) */,
				3B46DDAC28E48C4A00C86531 /* Products */,
			);
			sourceTree = "<group>";
		};
		3B46DD9C28E48C4800C86531 /* Shared (App) */ = {
			isa = PBXGroup;
			children = (
				3B46DDA328E48C4800C86531 /* ViewController.swift */,
				3B46DDA428E48C4A00C86531 /* Assets.xcassets */,
				3B46DD9D28E48C4800C86531 /* Resources */,
			);
			path = "Shared (App)";
			sourceTree = "<group>";
		};
		3B46DD9D28E48C4800C86531 /* Resources */ = {
			isa = PBXGroup;
			children = (
				3B46DD9E28E48C4800C86531 /* Main.html */,
				3B46DDA028E48C4800C86531 /* Icon.png */,
				3B46DDA128E48C4800C86531 /* Style.css */,
				3B46DDA228E48C4800C86531 /* Script.js */,
			);
			path = Resources;
			sourceTree = "<group>";
		};
		3B46DDA528E48C4A00C86531 /* Shared (Extension) */ = {
			isa = PBXGroup;
			children = (
				3B46DDF928E48C4A00C86531 /* Resources */,
				3B46DDA628E48C4A00C86531 /* SafariWebExtensionHandler.swift */,
			);
			path = "Shared (Extension)";
			sourceTree = "<group>";
		};
		3B46DDAC28E48C4A00C86531 /* Products */ = {
			isa = PBXGroup;
			children = (
				3B46DDAB28E48C4A00C86531 /* Redirector.app */,
				3B46DDBD28E48C4A00C86531 /* Redirector.app */,
				3B46DDCA28E48C4A00C86531 /* Redirector Extension.appex */,
				3B46DDD428E48C4A00C86531 /* Redirector Extension.appex */,
			);
			name = Products;
			sourceTree = "<group>";
		};
		3B46DDAD28E48C4A00C86531 /* iOS (App) */ = {
			isa = PBXGroup;
			children = (
				3B46DDAE28E48C4A00C86531 /* AppDelegate.swift */,
				3B46DDB028E48C4A00C86531 /* SceneDelegate.swift */,
				3B46DDB228E48C4A00C86531 /* LaunchScreen.storyboard */,
				3B46DDB528E48C4A00C86531 /* Main.storyboard */,
				3B46DDB828E48C4A00C86531 /* Info.plist */,
			);
			path = "iOS (App)";
			sourceTree = "<group>";
		};
		3B46DDBE28E48C4A00C86531 /* macOS (App) */ = {
			isa = PBXGroup;
			children = (
				3B46DDBF28E48C4A00C86531 /* AppDelegate.swift */,
				3B46DDC128E48C4A00C86531 /* Main.storyboard */,
				3B46DDC428E48C4A00C86531 /* Info.plist */,
				3B46DDC528E48C4A00C86531 /* Redirector.entitlements */,
			);
			path = "macOS (App)";
			sourceTree = "<group>";
		};
		3B46DDCE28E48C4A00C86531 /* iOS (Extension) */ = {
			isa = PBXGroup;
			children = (
				3B46DDCF28E48C4A00C86531 /* Info.plist */,
			);
			path = "iOS (Extension)";
			sourceTree = "<group>";
		};
		3B46DDD828E48C4A00C86531 /* macOS (Extension) */ = {
			isa = PBXGroup;
			children = (
				3B46DDD928E48C4A00C86531 /* Info.plist */,
				3B46DDDA28E48C4A00C86531 /* Redirector.entitlements */,
			);
			path = "macOS (Extension)";
			sourceTree = "<group>";
		};
		3B46DDF928E48C4A00C86531 /* Resources */ = {
			isa = PBXGroup;
			children = (
				3B46DDFA28E48C4A00C86531 /* icon.png */,
				3B46DDFB28E48C4A00C86531 /* favicon.ico */,
				3B46DDFC28E48C4A00C86531 /* index.html */,
				3B46DDFD28E48C4A00C86531 /* manifest.json */,
				3B46DDFE28E48C4A00C86531 /* background.html */,
				3B46DDFF28E48C4A00C86531 /* assets */,
			);
			name = Resources;
			path = "Shared (Extension)";
			sourceTree = SOURCE_ROOT;
		};
/* End PBXGroup section */

/* Begin PBXNativeTarget section */
		3B46DDAA28E48C4A00C86531 /* Redirector (iOS) */ = {
			isa = PBXNativeTarget;
			buildConfigurationList = 3B46DDEF28E48C4A00C86531 /* Build configuration list for PBXNativeTarget "Redirector (iOS)" */;
			buildPhases = (
				3B46DDA728E48C4A00C86531 /* Sources */,
				3B46DDA828E48C4A00C86531 /* Frameworks */,
				3B46DDA928E48C4A00C86531 /* Resources */,
				3B46DDEE28E48C4A00C86531 /* Embed Foundation Extensions */,
			);
			buildRules = (
			);
			dependencies = (
				3B46DDCD28E48C4A00C86531 /* PBXTargetDependency */,
			);
			name = "Redirector (iOS)";
			productName = "Redirector (iOS)";
			productReference = 3B46DDAB28E48C4A00C86531 /* Redirector.app */;
			productType = "com.apple.product-type.application";
		};
		3B46DDBC28E48C4A00C86531 /* Redirector (macOS) */ = {
			isa = PBXNativeTarget;
			buildConfigurationList = 3B46DDF628E48C4A00C86531 /* Build configuration list for PBXNativeTarget "Redirector (macOS)" */;
			buildPhases = (
				3B46DDB928E48C4A00C86531 /* Sources */,
				3B46DDBA28E48C4A00C86531 /* Frameworks */,
				3B46DDBB28E48C4A00C86531 /* Resources */,
				3B46DDF528E48C4A00C86531 /* Embed Foundation Extensions */,
			);
			buildRules = (
			);
			dependencies = (
				3B46DDD728E48C4A00C86531 /* PBXTargetDependency */,
			);
			name = "Redirector (macOS)";
			productName = "Redirector (macOS)";
			productReference = 3B46DDBD28E48C4A00C86531 /* Redirector.app */;
			productType = "com.apple.product-type.application";
		};
		3B46DDC928E48C4A00C86531 /* Redirector Extension (iOS) */ = {
			isa = PBXNativeTarget;
			buildConfigurationList = 3B46DDEB28E48C4A00C86531 /* Build configuration list for PBXNativeTarget "Redirector Extension (iOS)" */;
			buildPhases = (
				3B46DDC628E48C4A00C86531 /* Sources */,
				3B46DDC728E48C4A00C86531 /* Frameworks */,
				3B46DDC828E48C4A00C86531 /* Resources */,
			);
			buildRules = (
			);
			dependencies = (
			);
			name = "Redirector Extension (iOS)";
			productName = "Redirector Extension (iOS)";
			productReference = 3B46DDCA28E48C4A00C86531 /* Redirector Extension.appex */;
			productType = "com.apple.product-type.app-extension";
		};
		3B46DDD328E48C4A00C86531 /* Redirector Extension (macOS) */ = {
			isa = PBXNativeTarget;
			buildConfigurationList = 3B46DDF228E48C4A00C86531 /* Build configuration list for PBXNativeTarget "Redirector Extension (macOS)" */;
			buildPhases = (
				3B46DDD028E48C4A00C86531 /* Sources */,
				3B46DDD128E48C4A00C86531 /* Frameworks */,
				3B46DDD228E48C4A00C86531 /* Resources */,
			);
			buildRules = (
			);
			dependencies = (
			);
			name = "Redirector Extension (macOS)";
			productName = "Redirector Extension (macOS)";
			productReference = 3B46DDD428E48C4A00C86531 /* Redirector Extension.appex */;
			productType = "com.apple.product-type.app-extension";
		};
/* End PBXNativeTarget section */

/* Begin PBXProject section */
		3B46DD9828E48C4800C86531 /* Project object */ = {
			isa = PBXProject;
			attributes = {
				BuildIndependentTargetsInParallel = 1;
				LastSwiftUpdateCheck = 1400;
				LastUpgradeCheck = 1400;
				TargetAttributes = {
					3B46DDAA28E48C4A00C86531 = {
						CreatedOnToolsVersion = 14.0.1;
					};
					3B46DDBC28E48C4A00C86531 = {
						CreatedOnToolsVersion = 14.0.1;
					};
					3B46DDC928E48C4A00C86531 = {
						CreatedOnToolsVersion = 14.0.1;
					};
					3B46DDD328E48C4A00C86531 = {
						CreatedOnToolsVersion = 14.0.1;
					};
				};
			};
			buildConfigurationList = 3B46DD9B28E48C4800C86531 /* Build configuration list for PBXProject "Redirector" */;
			compatibilityVersion = "Xcode 14.0";
			developmentRegion = en;
			hasScannedForEncodings = 0;
			knownRegions = (
				en,
				Base,
			);
			mainGroup = 3B46DD9728E48C4800C86531;
			productRefGroup = 3B46DDAC28E48C4A00C86531 /* Products */;
			projectDirPath = "";
			projectRoot = "";
			targets = (
				3B46DDAA28E48C4A00C86531 /* Redirector (iOS) */,
				3B46DDBC28E48C4A00C86531 /* Redirector (macOS) */,
				3B46DDC928E48C4A00C86531 /* Redirector Extension (iOS) */,
				3B46DDD328E48C4A00C86531 /* Redirector Extension (macOS) */,
			);
		};
/* End PBXProject section */

/* Begin PBXResourcesBuildPhase section */
		3B46DDA928E48C4A00C86531 /* Resources */ = {
			isa = PBXResourcesBuildPhase;
			buildActionMask = 2147483647;
			files = (
				3B46DDDD28E48C4A00C86531 /* Icon.png in Resources */,
				3B46DDB428E48C4A00C86531 /* LaunchScreen.storyboard in Resources */,
				3B46DDDB28E48C4A00C86531 /* Main.html in Resources */,
				3B46DDE128E48C4A00C86531 /* Script.js in Resources */,
				3B46DDE528E48C4A00C86531 /* Assets.xcassets in Resources */,
				3B46DDB728E48C4A00C86531 /* Main.storyboard in Resources */,
				3B46DDDF28E48C4A00C86531 /* Style.css in Resources */,
			);
			runOnlyForDeploymentPostprocessing = 0;
		};
		3B46DDBB28E48C4A00C86531 /* Resources */ = {
			isa = PBXResourcesBuildPhase;
			buildActionMask = 2147483647;
			files = (
				3B46DDDE28E48C4A00C86531 /* Icon.png in Resources */,
				3B46DDE028E48C4A00C86531 /* Style.css in Resources */,
				3B46DDC328E48C4A00C86531 /* Main.storyboard in Resources */,
				3B46DDE228E48C4A00C86531 /* Script.js in Resources */,
				3B46DDE628E48C4A00C86531 /* Assets.xcassets in Resources */,
				3B46DDDC28E48C4A00C86531 /* Main.html in Resources */,
			);
			runOnlyForDeploymentPostprocessing = 0;
		};
		3B46DDC828E48C4A00C86531 /* Resources */ = {
			isa = PBXResourcesBuildPhase;
			buildActionMask = 2147483647;
			files = (
				3B46DE0928E48C4A00C86531 /* manifest.json in Resources */,
				3B46DE0828E48C4A00C86531 /* index.html in Resources */,
				3B46DE0728E48C4A00C86531 /* favicon.ico in Resources */,
				3B46DE0B28E48C4A00C86531 /* assets in Resources */,
				3B46DE0A28E48C4A00C86531 /* background.html in Resources */,
				3B46DE0628E48C4A00C86531 /* icon.png in Resources */,
			);
			runOnlyForDeploymentPostprocessing = 0;
		};
		3B46DDD228E48C4A00C86531 /* Resources */ = {
			isa = PBXResourcesBuildPhase;
			buildActionMask = 2147483647;
			files = (
				3B46DE0328E48C4A00C86531 /* manifest.json in Resources */,
				3B46DE0228E48C4A00C86531 /* index.html in Resources */,
				3B46DE0128E48C4A00C86531 /* favicon.ico in Resources */,
				3B46DE0528E48C4A00C86531 /* assets in Resources */,
				3B46DE0428E48C4A00C86531 /* background.html in Resources */,
				3B46DE0028E48C4A00C86531 /* icon.png in Resources */,
			);
			runOnlyForDeploymentPostprocessing = 0;
		};
/* End PBXResourcesBuildPhase section */

/* Begin PBXSourcesBuildPhase section */
		3B46DDA728E48C4A00C86531 /* Sources */ = {
			isa = PBXSourcesBuildPhase;
			buildActionMask = 2147483647;
			files = (
				3B46DDE328E48C4A00C86531 /* ViewController.swift in Sources */,
				3B46DDAF28E48C4A00C86531 /* AppDelegate.swift in Sources */,
				3B46DDB128E48C4A00C86531 /* SceneDelegate.swift in Sources */,
			);
			runOnlyForDeploymentPostprocessing = 0;
		};
		3B46DDB928E48C4A00C86531 /* Sources */ = {
			isa = PBXSourcesBuildPhase;
			buildActionMask = 2147483647;
			files = (
				3B46DDE428E48C4A00C86531 /* ViewController.swift in Sources */,
				3B46DDC028E48C4A00C86531 /* AppDelegate.swift in Sources */,
			);
			runOnlyForDeploymentPostprocessing = 0;
		};
		3B46DDC628E48C4A00C86531 /* Sources */ = {
			isa = PBXSourcesBuildPhase;
			buildActionMask = 2147483647;
			files = (
				3B46DDE728E48C4A00C86531 /* SafariWebExtensionHandler.swift in Sources */,
			);
			runOnlyForDeploymentPostprocessing = 0;
		};
		3B46DDD028E48C4A00C86531 /* Sources */ = {
			isa = PBXSourcesBuildPhase;
			buildActionMask = 2147483647;
			files = (
				3B46DDE828E48C4A00C86531 /* SafariWebExtensionHandler.swift in Sources */,
			);
			runOnlyForDeploymentPostprocessing = 0;
		};
/* End PBXSourcesBuildPhase section */

/* Begin PBXTargetDependency section */
		3B46DDCD28E48C4A00C86531 /* PBXTargetDependency */ = {
			isa = PBXTargetDependency;
			target = 3B46DDC928E48C4A00C86531 /* Redirector Extension (iOS) */;
			targetProxy = 3B46DDCC28E48C4A00C86531 /* PBXContainerItemProxy */;
		};
		3B46DDD728E48C4A00C86531 /* PBXTargetDependency */ = {
			isa = PBXTargetDependency;
			target = 3B46DDD328E48C4A00C86531 /* Redirector Extension (macOS) */;
			targetProxy = 3B46DDD628E48C4A00C86531 /* PBXContainerItemProxy */;
		};
/* End PBXTargetDependency section */

/* Begin PBXVariantGroup section */
		3B46DD9E28E48C4800C86531 /* Main.html */ = {
			isa = PBXVariantGroup;
			children = (
				3B46DD9F28E48C4800C86531 /* Base */,
			);
			name = Main.html;
			sourceTree = "<group>";
		};
		3B46DDB228E48C4A00C86531 /* LaunchScreen.storyboard */ = {
			isa = PBXVariantGroup;
			children = (
				3B46DDB328E48C4A00C86531 /* Base */,
			);
			name = LaunchScreen.storyboard;
			sourceTree = "<group>";
		};
		3B46DDB528E48C4A00C86531 /* Main.storyboard */ = {
			isa = PBXVariantGroup;
			children = (
				3B46DDB628E48C4A00C86531 /* Base */,
			);
			name = Main.storyboard;
			sourceTree = "<group>";
		};
		3B46DDC128E48C4A00C86531 /* Main.storyboard */ = {
			isa = PBXVariantGroup;
			children = (
				3B46DDC228E48C4A00C86531 /* Base */,
			);
			name = Main.storyboard;
			sourceTree = "<group>";
		};
/* End PBXVariantGroup section */

/* Begin XCBuildConfiguration section */
		3B46DDE928E48C4A00C86531 /* Debug */ = {
			isa = XCBuildConfiguration;
			buildSettings = {
				ALWAYS_SEARCH_USER_PATHS = NO;
				CLANG_ANALYZER_NONNULL = YES;
				CLANG_ANALYZER_NUMBER_OBJECT_CONVERSION = YES_AGGRESSIVE;
				CLANG_CXX_LANGUAGE_STANDARD = "gnu++20";
				CLANG_ENABLE_MODULES = YES;
				CLANG_ENABLE_OBJC_ARC = YES;
				CLANG_ENABLE_OBJC_WEAK = YES;
				CLANG_WARN_BLOCK_CAPTURE_AUTORELEASING = YES;
				CLANG_WARN_BOOL_CONVERSION = YES;
				CLANG_WARN_COMMA = YES;
				CLANG_WARN_CONSTANT_CONVERSION = YES;
				CLANG_WARN_DEPRECATED_OBJC_IMPLEMENTATIONS = YES;
				CLANG_WARN_DIRECT_OBJC_ISA_USAGE = YES_ERROR;
				CLANG_WARN_DOCUMENTATION_COMMENTS = YES;
				CLANG_WARN_EMPTY_BODY = YES;
				CLANG_WARN_ENUM_CONVERSION = YES;
				CLANG_WARN_INFINITE_RECURSION = YES;
				CLANG_WARN_INT_CONVERSION = YES;
				CLANG_WARN_NON_LITERAL_NULL_CONVERSION = YES;
				CLANG_WARN_OBJC_IMPLICIT_RETAIN_SELF = YES;
				CLANG_WARN_OBJC_LITERAL_CONVERSION = YES;
				CLANG_WARN_OBJC_ROOT_CLASS = YES_ERROR;
				CLANG_WARN_QUOTED_INCLUDE_IN_FRAMEWORK_HEADER = YES;
				CLANG_WARN_RANGE_LOOP_ANALYSIS = YES;
				CLANG_WARN_STRICT_PROTOTYPES = YES;
				CLANG_WARN_SUSPICIOUS_MOVE = YES;
				CLANG_WARN_UNGUARDED_AVAILABILITY = YES_AGGRESSIVE;
				CLANG_WARN_UNREACHABLE_CODE = YES;
				CLANG_WARN__DUPLICATE_METHOD_MATCH = YES;
				COPY_PHASE_STRIP = NO;
				DEBUG_INFORMATION_FORMAT = dwarf;
				ENABLE_STRICT_OBJC_MSGSEND = YES;
				ENABLE_TESTABILITY = YES;
				GCC_C_LANGUAGE_STANDARD = gnu11;
				GCC_DYNAMIC_NO_PIC = NO;
				GCC_NO_COMMON_BLOCKS = YES;
				GCC_OPTIMIZATION_LEVEL = 0;
				GCC_PREPROCESSOR_DEFINITIONS = (
					"DEBUG=1",
					"$(inherited)",
				);
				GCC_WARN_64_TO_32_BIT_CONVERSION = YES;
				GCC_WARN_ABOUT_RETURN_TYPE = YES_ERROR;
				GCC_WARN_UNDECLARED_SELECTOR = YES;
				GCC_WARN_UNINITIALIZED_AUTOS = YES_AGGRESSIVE;
				GCC_WARN_UNUSED_FUNCTION = YES;
				GCC_WARN_UNUSED_VARIABLE = YES;
				MTL_ENABLE_DEBUG_INFO = INCLUDE_SOURCE;
				MTL_FAST_MATH = YES;
				ONLY_ACTIVE_ARCH = YES;
				SWIFT_ACTIVE_COMPILATION_CONDITIONS = DEBUG;
				SWIFT_OPTIMIZATION_LEVEL = "-Onone";
			};
			name = Debug;
		};
		3B46DDEA28E48C4A00C86531 /* Release */ = {
			isa = XCBuildConfiguration;
			buildSettings = {
				ALWAYS_SEARCH_USER_PATHS = NO;
				CLANG_ANALYZER_NONNULL = YES;
				CLANG_ANALYZER_NUMBER_OBJECT_CONVERSION = YES_AGGRESSIVE;
				CLANG_CXX_LANGUAGE_STANDARD = "gnu++20";
				CLANG_ENABLE_MODULES = YES;
				CLANG_ENABLE_OBJC_ARC = YES;
				CLANG_ENABLE_OBJC_WEAK = YES;
				CLANG_WARN_BLOCK_CAPTURE_AUTORELEASING = YES;
				CLANG_WARN_BOOL_CONVERSION = YES;
				CLANG_WARN_COMMA = YES;
				CLANG_WARN_CONSTANT_CONVERSION = YES;
				CLANG_WARN_DEPRECATED_OBJC_IMPLEMENTATIONS = YES;
				CLANG_WARN_DIRECT_OBJC_ISA_USAGE = YES_ERROR;
				CLANG_WARN_DOCUMENTATION_COMMENTS = YES;
				CLANG_WARN_EMPTY_BODY = YES;
				CLANG_WARN_ENUM_CONVERSION = YES;
				CLANG_WARN_INFINITE_RECURSION = YES;
				CLANG_WARN_INT_CONVERSION = YES;
				CLANG_WARN_NON_LITERAL_NULL_CONVERSION = YES;
				CLANG_WARN_OBJC_IMPLICIT_RETAIN_SELF = YES;
				CLANG_WARN_OBJC_LITERAL_CONVERSION = YES;
				CLANG_WARN_OBJC_ROOT_CLASS = YES_ERROR;
				CLANG_WARN_QUOTED_INCLUDE_IN_FRAMEWORK_HEADER = YES;
				CLANG_WARN_RANGE_LOOP_ANALYSIS = YES;
				CLANG_WARN_STRICT_PROTOTYPES = YES;
				CLANG_WARN_SUSPICIOUS_MOVE = YES;
				CLANG_WARN_UNGUARDED_AVAILABILITY = YES_AGGRESSIVE;
				CLANG_WARN_UNREACHABLE_CODE = YES;
				CLANG_WARN__DUPLICATE_METHOD_MATCH = YES;
				COPY_PHASE_STRIP = NO;
				DEBUG_INFORMATION_FORMAT = "dwarf-with-dsym";
				ENABLE_NS_ASSERTIONS = NO;
				ENABLE_STRICT_OBJC_MSGSEND = YES;
				GCC_C_LANGUAGE_STANDARD = gnu11;
				GCC_NO_COMMON_BLOCKS = YES;
				GCC_WARN_64_TO_32_BIT_CONVERSION = YES;
				GCC_WARN_ABOUT_RETURN_TYPE = YES_ERROR;
				GCC_WARN_UNDECLARED_SELECTOR = YES;
				GCC_WARN_UNINITIALIZED_AUTOS = YES_AGGRESSIVE;
				GCC_WARN_UNUSED_FUNCTION = YES;
				GCC_WARN_UNUSED_VARIABLE = YES;
				MTL_ENABLE_DEBUG_INFO = NO;
				MTL_FAST_MATH = YES;
				SWIFT_COMPILATION_MODE = wholemodule;
				SWIFT_OPTIMIZATION_LEVEL = "-O";
			};
			name = Release;
		};
		3B46DDEC28E48C4A00C86531 /* Debug */ = {
			isa = XCBuildConfiguration;
			buildSettings = {
				CODE_SIGN_STYLE = Automatic;
				CURRENT_PROJECT_VERSION = 5;
				DEVELOPMENT_TEAM = N9RU4UJVVD;
				GENERATE_INFOPLIST_FILE = YES;
				INFOPLIST_FILE = "iOS (Extension)/Info.plist";
				INFOPLIST_KEY_CFBundleDisplayName = "Redirector Extension";
				INFOPLIST_KEY_NSHumanReadableCopyright = "";
				IPHONEOS_DEPLOYMENT_TARGET = 15.0;
				LD_RUNPATH_SEARCH_PATHS = (
					"$(inherited)",
					"@executable_path/Frameworks",
					"@executable_path/../../Frameworks",
				);
				MARKETING_VERSION = 1.0;
				OTHER_LDFLAGS = (
					"-framework",
					SafariServices,
				);
				PRODUCT_BUNDLE_IDENTIFIER = com.jakubfilo.Redirector.Extension;
				PRODUCT_NAME = "Redirector Extension";
				SDKROOT = iphoneos;
				SKIP_INSTALL = YES;
				SWIFT_EMIT_LOC_STRINGS = YES;
				SWIFT_VERSION = 5.0;
				TARGETED_DEVICE_FAMILY = "1,2";
			};
			name = Debug;
		};
		3B46DDED28E48C4A00C86531 /* Release */ = {
			isa = XCBuildConfiguration;
			buildSettings = {
				CODE_SIGN_STYLE = Automatic;
				CURRENT_PROJECT_VERSION = 5;
				DEVELOPMENT_TEAM = N9RU4UJVVD;
				GENERATE_INFOPLIST_FILE = YES;
				INFOPLIST_FILE = "iOS (Extension)/Info.plist";
				INFOPLIST_KEY_CFBundleDisplayName = "Redirector Extension";
				INFOPLIST_KEY_NSHumanReadableCopyright = "";
				IPHONEOS_DEPLOYMENT_TARGET = 15.0;
				LD_RUNPATH_SEARCH_PATHS = (
					"$(inherited)",
					"@executable_path/Frameworks",
					"@executable_path/../../Frameworks",
				);
				MARKETING_VERSION = 1.0;
				OTHER_LDFLAGS = (
					"-framework",
					SafariServices,
				);
				PRODUCT_BUNDLE_IDENTIFIER = com.jakubfilo.Redirector.Extension;
				PRODUCT_NAME = "Redirector Extension";
				SDKROOT = iphoneos;
				SKIP_INSTALL = YES;
				SWIFT_EMIT_LOC_STRINGS = YES;
				SWIFT_VERSION = 5.0;
				TARGETED_DEVICE_FAMILY = "1,2";
				VALIDATE_PRODUCT = YES;
			};
			name = Release;
		};
		3B46DDF028E48C4A00C86531 /* Debug */ = {
			isa = XCBuildConfiguration;
			buildSettings = {
				ALWAYS_EMBED_SWIFT_STANDARD_LIBRARIES = YES;
				ASSETCATALOG_COMPILER_APPICON_NAME = AppIcon;
				ASSETCATALOG_COMPILER_GLOBAL_ACCENT_COLOR_NAME = AccentColor;
				CODE_SIGN_STYLE = Automatic;
				CURRENT_PROJECT_VERSION = 5;
				DEVELOPMENT_TEAM = N9RU4UJVVD;
				GENERATE_INFOPLIST_FILE = YES;
				INFOPLIST_FILE = "iOS (App)/Info.plist";
				INFOPLIST_KEY_CFBundleDisplayName = Redirector;
				INFOPLIST_KEY_LSApplicationCategoryType = "public.app-category.utilities";
				INFOPLIST_KEY_UIApplicationSupportsIndirectInputEvents = YES;
				INFOPLIST_KEY_UILaunchStoryboardName = LaunchScreen;
				INFOPLIST_KEY_UIMainStoryboardFile = Main;
				INFOPLIST_KEY_UISupportedInterfaceOrientations = "UIInterfaceOrientationPortrait UIInterfaceOrientationLandscapeLeft UIInterfaceOrientationLandscapeRight";
				INFOPLIST_KEY_UISupportedInterfaceOrientations_iPad = "UIInterfaceOrientationPortrait UIInterfaceOrientationPortraitUpsideDown UIInterfaceOrientationLandscapeLeft UIInterfaceOrientationLandscapeRight";
				IPHONEOS_DEPLOYMENT_TARGET = 15.0;
				LD_RUNPATH_SEARCH_PATHS = (
					"$(inherited)",
					"@executable_path/Frameworks",
				);
				MARKETING_VERSION = 1.0;
				OTHER_LDFLAGS = (
					"-framework",
					SafariServices,
					"-framework",
					WebKit,
				);
				PRODUCT_BUNDLE_IDENTIFIER = com.jakubfilo.Redirector;
				PRODUCT_NAME = Redirector;
				SDKROOT = iphoneos;
				SWIFT_EMIT_LOC_STRINGS = YES;
				SWIFT_VERSION = 5.0;
				TARGETED_DEVICE_FAMILY = "1,2";
			};
			name = Debug;
		};
		3B46DDF128E48C4A00C86531 /* Release */ = {
			isa = XCBuildConfiguration;
			buildSettings = {
				ALWAYS_EMBED_SWIFT_STANDARD_LIBRARIES = YES;
				ASSETCATALOG_COMPILER_APPICON_NAME = AppIcon;
				ASSETCATALOG_COMPILER_GLOBAL_ACCENT_COLOR_NAME = AccentColor;
				CODE_SIGN_STYLE = Automatic;
				CURRENT_PROJECT_VERSION = 5;
				DEVELOPMENT_TEAM = N9RU4UJVVD;
				GENERATE_INFOPLIST_FILE = YES;
				INFOPLIST_FILE = "iOS (App)/Info.plist";
				INFOPLIST_KEY_CFBundleDisplayName = Redirector;
				INFOPLIST_KEY_LSApplicationCategoryType = "public.app-category.utilities";
				INFOPLIST_KEY_UIApplicationSupportsIndirectInputEvents = YES;
				INFOPLIST_KEY_UILaunchStoryboardName = LaunchScreen;
				INFOPLIST_KEY_UIMainStoryboardFile = Main;
				INFOPLIST_KEY_UISupportedInterfaceOrientations = "UIInterfaceOrientationPortrait UIInterfaceOrientationLandscapeLeft UIInterfaceOrientationLandscapeRight";
				INFOPLIST_KEY_UISupportedInterfaceOrientations_iPad = "UIInterfaceOrientationPortrait UIInterfaceOrientationPortraitUpsideDown UIInterfaceOrientationLandscapeLeft UIInterfaceOrientationLandscapeRight";
				IPHONEOS_DEPLOYMENT_TARGET = 15.0;
				LD_RUNPATH_SEARCH_PATHS = (
					"$(inherited)",
					"@executable_path/Frameworks",
				);
				MARKETING_VERSION = 1.0;
				OTHER_LDFLAGS = (
					"-framework",
					SafariServices,
					"-framework",
					WebKit,
				);
				PRODUCT_BUNDLE_IDENTIFIER = com.jakubfilo.Redirector;
				PRODUCT_NAME = Redirector;
				SDKROOT = iphoneos;
				SWIFT_EMIT_LOC_STRINGS = YES;
				SWIFT_VERSION = 5.0;
				TARGETED_DEVICE_FAMILY = "1,2";
				VALIDATE_PRODUCT = YES;
			};
			name = Release;
		};
		3B46DDF328E48C4A00C86531 /* Debug */ = {
			isa = XCBuildConfiguration;
			buildSettings = {
				CODE_SIGN_ENTITLEMENTS = "macOS (Extension)/Redirector.entitlements";
				CODE_SIGN_STYLE = Automatic;
				CURRENT_PROJECT_VERSION = 5;
				DEVELOPMENT_TEAM = N9RU4UJVVD;
				ENABLE_HARDENED_RUNTIME = YES;
				GENERATE_INFOPLIST_FILE = YES;
				INFOPLIST_FILE = "macOS (Extension)/Info.plist";
				INFOPLIST_KEY_CFBundleDisplayName = "Redirector Extension";
				INFOPLIST_KEY_NSHumanReadableCopyright = "";
				LD_RUNPATH_SEARCH_PATHS = (
					"$(inherited)",
					"@executable_path/../Frameworks",
					"@executable_path/../../../../Frameworks",
				);
				MACOSX_DEPLOYMENT_TARGET = 10.14;
				MARKETING_VERSION = 1.0;
				OTHER_LDFLAGS = (
					"-framework",
					SafariServices,
				);
				PRODUCT_BUNDLE_IDENTIFIER = com.jakubfilo.Redirector.Extension;
				PRODUCT_NAME = "Redirector Extension";
				SDKROOT = macosx;
				SKIP_INSTALL = YES;
				SWIFT_EMIT_LOC_STRINGS = YES;
				SWIFT_VERSION = 5.0;
			};
			name = Debug;
		};
		3B46DDF428E48C4A00C86531 /* Release */ = {
			isa = XCBuildConfiguration;
			buildSettings = {
				CODE_SIGN_ENTITLEMENTS = "macOS (Extension)/Redirector.entitlements";
				CODE_SIGN_STYLE = Automatic;
				CURRENT_PROJECT_VERSION = 5;
				DEVELOPMENT_TEAM = N9RU4UJVVD;
				ENABLE_HARDENED_RUNTIME = YES;
				GENERATE_INFOPLIST_FILE = YES;
				INFOPLIST_FILE = "macOS (Extension)/Info.plist";
				INFOPLIST_KEY_CFBundleDisplayName = "Redirector Extension";
				INFOPLIST_KEY_NSHumanReadableCopyright = "";
				LD_RUNPATH_SEARCH_PATHS = (
					"$(inherited)",
					"@executable_path/../Frameworks",
					"@executable_path/../../../../Frameworks",
				);
				MACOSX_DEPLOYMENT_TARGET = 10.14;
				MARKETING_VERSION = 1.0;
				OTHER_LDFLAGS = (
					"-framework",
					SafariServices,
				);
				PRODUCT_BUNDLE_IDENTIFIER = com.jakubfilo.Redirector.Extension;
				PRODUCT_NAME = "Redirector Extension";
				SDKROOT = macosx;
				SKIP_INSTALL = YES;
				SWIFT_EMIT_LOC_STRINGS = YES;
				SWIFT_VERSION = 5.0;
			};
			name = Release;
		};
		3B46DDF728E48C4A00C86531 /* Debug */ = {
			isa = XCBuildConfiguration;
			buildSettings = {
				ALWAYS_EMBED_SWIFT_STANDARD_LIBRARIES = YES;
				ASSETCATALOG_COMPILER_APPICON_NAME = MacIcon;
				ASSETCATALOG_COMPILER_GLOBAL_ACCENT_COLOR_NAME = AccentColor;
				ASSETCATALOG_COMPILER_INCLUDE_ALL_APPICON_ASSETS = NO;
				CODE_SIGN_ENTITLEMENTS = "macOS (App)/Redirector.entitlements";
				CODE_SIGN_STYLE = Automatic;
				CURRENT_PROJECT_VERSION = 5;
				DEVELOPMENT_TEAM = N9RU4UJVVD;
				ENABLE_HARDENED_RUNTIME = YES;
				GENERATE_INFOPLIST_FILE = YES;
				INFOPLIST_FILE = "macOS (App)/Info.plist";
				INFOPLIST_KEY_CFBundleDisplayName = Redirector;
				INFOPLIST_KEY_LSApplicationCategoryType = "public.app-category.utilities";
				INFOPLIST_KEY_NSMainStoryboardFile = Main;
				INFOPLIST_KEY_NSPrincipalClass = NSApplication;
				LD_RUNPATH_SEARCH_PATHS = (
					"$(inherited)",
					"@executable_path/../Frameworks",
				);
				MACOSX_DEPLOYMENT_TARGET = 10.14;
				MARKETING_VERSION = 1.0;
				OTHER_LDFLAGS = (
					"-framework",
					SafariServices,
					"-framework",
					WebKit,
				);
				PRODUCT_BUNDLE_IDENTIFIER = com.jakubfilo.Redirector;
				PRODUCT_NAME = Redirector;
				SDKROOT = macosx;
				SWIFT_EMIT_LOC_STRINGS = YES;
				SWIFT_VERSION = 5.0;
			};
			name = Debug;
		};
		3B46DDF828E48C4A00C86531 /* Release */ = {
			isa = XCBuildConfiguration;
			buildSettings = {
				ALWAYS_EMBED_SWIFT_STANDARD_LIBRARIES = YES;
				ASSETCATALOG_COMPILER_APPICON_NAME = MacIcon;
				ASSETCATALOG_COMPILER_GLOBAL_ACCENT_COLOR_NAME = AccentColor;
				ASSETCATALOG_COMPILER_INCLUDE_ALL_APPICON_ASSETS = NO;
				CODE_SIGN_ENTITLEMENTS = "macOS (App)/Redirector.entitlements";
				CODE_SIGN_STYLE = Automatic;
				CURRENT_PROJECT_VERSION = 5;
				DEVELOPMENT_TEAM = N9RU4UJVVD;
				ENABLE_HARDENED_RUNTIME = YES;
				GENERATE_INFOPLIST_FILE = YES;
				INFOPLIST_FILE = "macOS (App)/Info.plist";
				INFOPLIST_KEY_CFBundleDisplayName = Redirector;
				INFOPLIST_KEY_LSApplicationCategoryType = "public.app-category.utilities";
				INFOPLIST_KEY_NSMainStoryboardFile = Main;
				INFOPLIST_KEY_NSPrincipalClass = NSApplication;
				LD_RUNPATH_SEARCH_PATHS = (
					"$(inherited)",
					"@executable_path/../Frameworks",
				);
				MACOSX_DEPLOYMENT_TARGET = 10.14;
				MARKETING_VERSION = 1.0;
				OTHER_LDFLAGS = (
					"-framework",
					SafariServices,
					"-framework",
					WebKit,
				);
				PRODUCT_BUNDLE_IDENTIFIER = com.jakubfilo.Redirector;
				PRODUCT_NAME = Redirector;
				SDKROOT = macosx;
				SWIFT_EMIT_LOC_STRINGS = YES;
				SWIFT_VERSION = 5.0;
			};
			name = Release;
		};
/* End XCBuildConfiguration section */

/* Begin XCConfigurationList section */
		3B46DD9B28E48C4800C86531 /* Build configuration list for PBXProject "Redirector" */ = {
			isa = XCConfigurationList;
			buildConfigurations = (
				3B46DDE928E48C4A00C86531 /* Debug */,
				3B46DDEA28E48C4A00C86531 /* Release */,
			);
			defaultConfigurationIsVisible = 0;
			defaultConfigurationName = Release;
		};
		3B46DDEB28E48C4A00C86531 /* Build configuration list for PBXNativeTarget "Redirector Extension (iOS)" */ = {
			isa = XCConfigurationList;
			buildConfigurations = (
				3B46DDEC28E48C4A00C86531 /* Debug */,
				3B46DDED28E48C4A00C86531 /* Release */,
			);
			defaultConfigurationIsVisible = 0;
			defaultConfigurationName = Release;
		};
		3B46DDEF28E48C4A00C86531 /* Build configuration list for PBXNativeTarget "Redirector (iOS)" */ = {
			isa = XCConfigurationList;
			buildConfigurations = (
				3B46DDF028E48C4A00C86531 /* Debug */,
				3B46DDF128E48C4A00C86531 /* Release */,
			);
			defaultConfigurationIsVisible = 0;
			defaultConfigurationName = Release;
		};
		3B46DDF228E48C4A00C86531 /* Build configuration list for PBXNativeTarget "Redirector Extension (macOS)" */ = {
			isa = XCConfigurationList;
			buildConfigurations = (
				3B46DDF328E48C4A00C86531 /* Debug */,
				3B46DDF428E48C4A00C86531 /* Release */,
			);
			defaultConfigurationIsVisible = 0;
			defaultConfigurationName = Release;
		};
		3B46DDF628E48C4A00C86531 /* Build configuration list for PBXNativeTarget "Redirector (macOS)" */ = {
			isa = XCConfigurationList;
			buildConfigurations = (
				3B46DDF728E48C4A00C86531 /* Debug */,
				3B46DDF828E48C4A00C86531 /* Release */,
			);
			defaultConfigurationIsVisible = 0;
			defaultConfigurationName = Release;
		};
/* End XCConfigurationList section */
	};
	rootObject = 3B46DD9828E48C4800C86531 /* Project object */;
}
