// !$*UTF8*$!
{
	archiveVersion = 1;
	classes = {
	};
	objectVersion = 56;
	objects = {

/* Begin PBXBuildFile section */
		3BD4998E29BFC62C00444199 /* AppDelegate.swift in Sources */ = {isa = PBXBuildFile; fileRef = 3BD4998D29BFC62C00444199 /* AppDelegate.swift */; };
		3BD4999029BFC62C00444199 /* SceneDelegate.swift in Sources */ = {isa = PBXBuildFile; fileRef = 3BD4998F29BFC62C00444199 /* SceneDelegate.swift */; };
		3BD4999329BFC62C00444199 /* LaunchScreen.storyboard in Resources */ = {isa = PBXBuildFile; fileRef = 3BD4999129BFC62C00444199 /* LaunchScreen.storyboard */; };
		3BD4999629BFC62C00444199 /* Main.storyboard in Resources */ = {isa = PBXBuildFile; fileRef = 3BD4999429BFC62C00444199 /* Main.storyboard */; };
		3BD4999F29BFC62C00444199 /* AppDelegate.swift in Sources */ = {isa = PBXBuildFile; fileRef = 3BD4999E29BFC62C00444199 /* AppDelegate.swift */; };
		3BD499A229BFC62C00444199 /* Main.storyboard in Resources */ = {isa = PBXBuildFile; fileRef = 3BD499A029BFC62C00444199 /* Main.storyboard */; };
		3BD499A929BFC62C00444199 /* Redirector Extension.appex in Embed Foundation Extensions */ = {isa = PBXBuildFile; fileRef = 3BD499A829BFC62C00444199 /* Redirector Extension.appex */; settings = {ATTRIBUTES = (RemoveHeadersOnCopy, ); }; };
		3BD499B329BFC62C00444199 /* Redirector Extension.appex in Embed Foundation Extensions */ = {isa = PBXBuildFile; fileRef = 3BD499B229BFC62C00444199 /* Redirector Extension.appex */; settings = {ATTRIBUTES = (RemoveHeadersOnCopy, ); }; };
		3BD499B929BFC62C00444199 /* Main.html in Resources */ = {isa = PBXBuildFile; fileRef = 3BD4997429BFC62B00444199 /* Main.html */; };
		3BD499BA29BFC62C00444199 /* Main.html in Resources */ = {isa = PBXBuildFile; fileRef = 3BD4997429BFC62B00444199 /* Main.html */; };
		3BD499BB29BFC62C00444199 /* Icon.png in Resources */ = {isa = PBXBuildFile; fileRef = 3BD4997629BFC62B00444199 /* Icon.png */; };
		3BD499BC29BFC62C00444199 /* Icon.png in Resources */ = {isa = PBXBuildFile; fileRef = 3BD4997629BFC62B00444199 /* Icon.png */; };
		3BD499BD29BFC62C00444199 /* Style.css in Resources */ = {isa = PBXBuildFile; fileRef = 3BD4997729BFC62B00444199 /* Style.css */; };
		3BD499BE29BFC62C00444199 /* Style.css in Resources */ = {isa = PBXBuildFile; fileRef = 3BD4997729BFC62B00444199 /* Style.css */; };
		3BD499BF29BFC62C00444199 /* Script.js in Resources */ = {isa = PBXBuildFile; fileRef = 3BD4997829BFC62B00444199 /* Script.js */; };
		3BD499C029BFC62C00444199 /* Script.js in Resources */ = {isa = PBXBuildFile; fileRef = 3BD4997829BFC62B00444199 /* Script.js */; };
		3BD499C129BFC62C00444199 /* ViewController.swift in Sources */ = {isa = PBXBuildFile; fileRef = 3BD4997929BFC62B00444199 /* ViewController.swift */; };
		3BD499C229BFC62C00444199 /* ViewController.swift in Sources */ = {isa = PBXBuildFile; fileRef = 3BD4997929BFC62B00444199 /* ViewController.swift */; };
		3BD499C329BFC62C00444199 /* Assets.xcassets in Resources */ = {isa = PBXBuildFile; fileRef = 3BD4997A29BFC62C00444199 /* Assets.xcassets */; };
		3BD499C429BFC62C00444199 /* Assets.xcassets in Resources */ = {isa = PBXBuildFile; fileRef = 3BD4997A29BFC62C00444199 /* Assets.xcassets */; };
		3BD499C529BFC62C00444199 /* SafariWebExtensionHandler.swift in Sources */ = {isa = PBXBuildFile; fileRef = 3BD4997C29BFC62C00444199 /* SafariWebExtensionHandler.swift */; };
		3BD499C629BFC62C00444199 /* SafariWebExtensionHandler.swift in Sources */ = {isa = PBXBuildFile; fileRef = 3BD4997C29BFC62C00444199 /* SafariWebExtensionHandler.swift */; };
		3BF8220429BFE96D009F09C1 /* assets in Resources */ = {isa = PBXBuildFile; fileRef = 3BF821FE29BFE96D009F09C1 /* assets */; };
		3BF8220529BFE96D009F09C1 /* assets in Resources */ = {isa = PBXBuildFile; fileRef = 3BF821FE29BFE96D009F09C1 /* assets */; };
		3BF8220629BFE96D009F09C1 /* background.html in Resources */ = {isa = PBXBuildFile; fileRef = 3BF821FF29BFE96D009F09C1 /* background.html */; };
		3BF8220729BFE96D009F09C1 /* background.html in Resources */ = {isa = PBXBuildFile; fileRef = 3BF821FF29BFE96D009F09C1 /* background.html */; };
		3BF8220829BFE96D009F09C1 /* icon.png in Resources */ = {isa = PBXBuildFile; fileRef = 3BF8220029BFE96D009F09C1 /* icon.png */; };
		3BF8220929BFE96D009F09C1 /* icon.png in Resources */ = {isa = PBXBuildFile; fileRef = 3BF8220029BFE96D009F09C1 /* icon.png */; };
		3BF8220A29BFE96D009F09C1 /* manifest.json in Resources */ = {isa = PBXBuildFile; fileRef = 3BF8220129BFE96D009F09C1 /* manifest.json */; };
		3BF8220B29BFE96D009F09C1 /* manifest.json in Resources */ = {isa = PBXBuildFile; fileRef = 3BF8220129BFE96D009F09C1 /* manifest.json */; };
		3BF8220C29BFE96D009F09C1 /* favicon.ico in Resources */ = {isa = PBXBuildFile; fileRef = 3BF8220229BFE96D009F09C1 /* favicon.ico */; };
		3BF8220D29BFE96D009F09C1 /* favicon.ico in Resources */ = {isa = PBXBuildFile; fileRef = 3BF8220229BFE96D009F09C1 /* favicon.ico */; };
		3BF8220E29BFE96D009F09C1 /* index.html in Resources */ = {isa = PBXBuildFile; fileRef = 3BF8220329BFE96D009F09C1 /* index.html */; };
		3BF8220F29BFE96D009F09C1 /* index.html in Resources */ = {isa = PBXBuildFile; fileRef = 3BF8220329BFE96D009F09C1 /* index.html */; };
		3BF8221029BFF507009F09C1 /* Assets.xcassets in Resources */ = {isa = PBXBuildFile; fileRef = 3BD4997A29BFC62C00444199 /* Assets.xcassets */; };
		3BF8221129BFF507009F09C1 /* Assets.xcassets in Resources */ = {isa = PBXBuildFile; fileRef = 3BD4997A29BFC62C00444199 /* Assets.xcassets */; };
		3BF8221929C111AA009F09C1 /* Config.xcconfig in Resources */ = {isa = PBXBuildFile; fileRef = 3BF8221829C111A9009F09C1 /* Config.xcconfig */; };
		3BF8221A29C111AA009F09C1 /* Config.xcconfig in Resources */ = {isa = PBXBuildFile; fileRef = 3BF8221829C111A9009F09C1 /* Config.xcconfig */; };
/* End PBXBuildFile section */

/* Begin PBXContainerItemProxy section */
		3BD499AA29BFC62C00444199 /* PBXContainerItemProxy */ = {
			isa = PBXContainerItemProxy;
			containerPortal = 3BD4996E29BFC62B00444199 /* Project object */;
			proxyType = 1;
			remoteGlobalIDString = 3BD499A729BFC62C00444199;
			remoteInfo = "Redirector Extension (iOS)";
		};
		3BD499B429BFC62C00444199 /* PBXContainerItemProxy */ = {
			isa = PBXContainerItemProxy;
			containerPortal = 3BD4996E29BFC62B00444199 /* Project object */;
			proxyType = 1;
			remoteGlobalIDString = 3BD499B129BFC62C00444199;
			remoteInfo = "Redirector Extension (macOS)";
		};
/* End PBXContainerItemProxy section */

/* Begin PBXCopyFilesBuildPhase section */
		3BD499DC29BFC62C00444199 /* Embed Foundation Extensions */ = {
			isa = PBXCopyFilesBuildPhase;
			buildActionMask = 2147483647;
			dstPath = "";
			dstSubfolderSpec = 13;
			files = (
				3BD499A929BFC62C00444199 /* Redirector Extension.appex in Embed Foundation Extensions */,
			);
			name = "Embed Foundation Extensions";
			runOnlyForDeploymentPostprocessing = 0;
		};
		3BD499E329BFC62C00444199 /* Embed Foundation Extensions */ = {
			isa = PBXCopyFilesBuildPhase;
			buildActionMask = 2147483647;
			dstPath = "";
			dstSubfolderSpec = 13;
			files = (
				3BD499B329BFC62C00444199 /* Redirector Extension.appex in Embed Foundation Extensions */,
			);
			name = "Embed Foundation Extensions";
			runOnlyForDeploymentPostprocessing = 0;
		};
/* End PBXCopyFilesBuildPhase section */

/* Begin PBXFileReference section */
		3BD4997529BFC62B00444199 /* Base */ = {isa = PBXFileReference; lastKnownFileType = text.html; name = Base; path = ../Base.lproj/Main.html; sourceTree = "<group>"; };
		3BD4997629BFC62B00444199 /* Icon.png */ = {isa = PBXFileReference; lastKnownFileType = image.png; path = Icon.png; sourceTree = "<group>"; };
		3BD4997729BFC62B00444199 /* Style.css */ = {isa = PBXFileReference; lastKnownFileType = text.css; path = Style.css; sourceTree = "<group>"; };
		3BD4997829BFC62B00444199 /* Script.js */ = {isa = PBXFileReference; lastKnownFileType = sourcecode.javascript; path = Script.js; sourceTree = "<group>"; };
		3BD4997929BFC62B00444199 /* ViewController.swift */ = {isa = PBXFileReference; lastKnownFileType = sourcecode.swift; path = ViewController.swift; sourceTree = "<group>"; };
		3BD4997A29BFC62C00444199 /* Assets.xcassets */ = {isa = PBXFileReference; lastKnownFileType = folder.assetcatalog; path = Assets.xcassets; sourceTree = "<group>"; };
		3BD4997C29BFC62C00444199 /* SafariWebExtensionHandler.swift */ = {isa = PBXFileReference; lastKnownFileType = sourcecode.swift; path = SafariWebExtensionHandler.swift; sourceTree = "<group>"; };
		3BD4998A29BFC62C00444199 /* Redirector.app */ = {isa = PBXFileReference; explicitFileType = wrapper.application; includeInIndex = 0; path = Redirector.app; sourceTree = BUILT_PRODUCTS_DIR; };
		3BD4998D29BFC62C00444199 /* AppDelegate.swift */ = {isa = PBXFileReference; lastKnownFileType = sourcecode.swift; path = AppDelegate.swift; sourceTree = "<group>"; };
		3BD4998F29BFC62C00444199 /* SceneDelegate.swift */ = {isa = PBXFileReference; lastKnownFileType = sourcecode.swift; path = SceneDelegate.swift; sourceTree = "<group>"; };
		3BD4999229BFC62C00444199 /* Base */ = {isa = PBXFileReference; lastKnownFileType = file.storyboard; name = Base; path = Base.lproj/LaunchScreen.storyboard; sourceTree = "<group>"; };
		3BD4999529BFC62C00444199 /* Base */ = {isa = PBXFileReference; lastKnownFileType = file.storyboard; name = Base; path = Base.lproj/Main.storyboard; sourceTree = "<group>"; };
		3BD4999729BFC62C00444199 /* Info.plist */ = {isa = PBXFileReference; lastKnownFileType = text.plist.xml; path = Info.plist; sourceTree = "<group>"; };
		3BD4999C29BFC62C00444199 /* Redirector.app */ = {isa = PBXFileReference; explicitFileType = wrapper.application; includeInIndex = 0; path = Redirector.app; sourceTree = BUILT_PRODUCTS_DIR; };
		3BD4999E29BFC62C00444199 /* AppDelegate.swift */ = {isa = PBXFileReference; lastKnownFileType = sourcecode.swift; path = AppDelegate.swift; sourceTree = "<group>"; };
		3BD499A129BFC62C00444199 /* Base */ = {isa = PBXFileReference; lastKnownFileType = file.storyboard; name = Base; path = Base.lproj/Main.storyboard; sourceTree = "<group>"; };
		3BD499A329BFC62C00444199 /* Redirector.entitlements */ = {isa = PBXFileReference; lastKnownFileType = text.plist.entitlements; path = Redirector.entitlements; sourceTree = "<group>"; };
		3BD499A829BFC62C00444199 /* Redirector Extension.appex */ = {isa = PBXFileReference; explicitFileType = "wrapper.app-extension"; includeInIndex = 0; path = "Redirector Extension.appex"; sourceTree = BUILT_PRODUCTS_DIR; };
		3BD499AD29BFC62C00444199 /* Info.plist */ = {isa = PBXFileReference; lastKnownFileType = text.plist.xml; path = Info.plist; sourceTree = "<group>"; };
		3BD499B229BFC62C00444199 /* Redirector Extension.appex */ = {isa = PBXFileReference; explicitFileType = "wrapper.app-extension"; includeInIndex = 0; path = "Redirector Extension.appex"; sourceTree = BUILT_PRODUCTS_DIR; };
		3BD499B729BFC62C00444199 /* Info.plist */ = {isa = PBXFileReference; lastKnownFileType = text.plist.xml; path = Info.plist; sourceTree = "<group>"; };
		3BD499B829BFC62C00444199 /* Redirector.entitlements */ = {isa = PBXFileReference; lastKnownFileType = text.plist.entitlements; path = Redirector.entitlements; sourceTree = "<group>"; };
		3BF821FE29BFE96D009F09C1 /* assets */ = {isa = PBXFileReference; lastKnownFileType = folder; name = assets; path = ../../../dist/assets; sourceTree = "<group>"; };
		3BF821FF29BFE96D009F09C1 /* background.html */ = {isa = PBXFileReference; fileEncoding = 4; lastKnownFileType = text.html; name = background.html; path = ../../../dist/background.html; sourceTree = "<group>"; };
		3BF8220029BFE96D009F09C1 /* icon.png */ = {isa = PBXFileReference; lastKnownFileType = image.png; name = icon.png; path = ../../../dist/icon.png; sourceTree = "<group>"; };
		3BF8220129BFE96D009F09C1 /* manifest.json */ = {isa = PBXFileReference; fileEncoding = 4; lastKnownFileType = text.json; name = manifest.json; path = ../../../dist/manifest.json; sourceTree = "<group>"; };
		3BF8220229BFE96D009F09C1 /* favicon.ico */ = {isa = PBXFileReference; lastKnownFileType = image.ico; name = favicon.ico; path = ../../../dist/favicon.ico; sourceTree = "<group>"; };
		3BF8220329BFE96D009F09C1 /* index.html */ = {isa = PBXFileReference; fileEncoding = 4; lastKnownFileType = text.html; name = index.html; path = ../../../dist/index.html; sourceTree = "<group>"; };
		3BF8221829C111A9009F09C1 /* Config.xcconfig */ = {isa = PBXFileReference; fileEncoding = 4; lastKnownFileType = text.xcconfig; path = Config.xcconfig; sourceTree = "<group>"; };
/* End PBXFileReference section */

/* Begin PBXFrameworksBuildPhase section */
		3BD4998729BFC62C00444199 /* Frameworks */ = {
			isa = PBXFrameworksBuildPhase;
			buildActionMask = 2147483647;
			files = (
			);
			runOnlyForDeploymentPostprocessing = 0;
		};
		3BD4999929BFC62C00444199 /* Frameworks */ = {
			isa = PBXFrameworksBuildPhase;
			buildActionMask = 2147483647;
			files = (
			);
			runOnlyForDeploymentPostprocessing = 0;
		};
		3BD499A529BFC62C00444199 /* Frameworks */ = {
			isa = PBXFrameworksBuildPhase;
			buildActionMask = 2147483647;
			files = (
			);
			runOnlyForDeploymentPostprocessing = 0;
		};
		3BD499AF29BFC62C00444199 /* Frameworks */ = {
			isa = PBXFrameworksBuildPhase;
			buildActionMask = 2147483647;
			files = (
			);
			runOnlyForDeploymentPostprocessing = 0;
		};
/* End PBXFrameworksBuildPhase section */

/* Begin PBXGroup section */
		3BD4996D29BFC62B00444199 = {
			isa = PBXGroup;
			children = (
				3BF8221829C111A9009F09C1 /* Config.xcconfig */,
				3BD4997229BFC62B00444199 /* Shared (App) */,
				3BD4997B29BFC62C00444199 /* Shared (Extension) */,
				3BD4998C29BFC62C00444199 /* iOS (App) */,
				3BD4999D29BFC62C00444199 /* macOS (App) */,
				3BD499AC29BFC62C00444199 /* iOS (Extension) */,
				3BD499B629BFC62C00444199 /* macOS (Extension) */,
				3BD4998B29BFC62C00444199 /* Products */,
			);
			sourceTree = "<group>";
		};
		3BD4997229BFC62B00444199 /* Shared (App) */ = {
			isa = PBXGroup;
			children = (
				3BD4997929BFC62B00444199 /* ViewController.swift */,
				3BD4997A29BFC62C00444199 /* Assets.xcassets */,
				3BD4997329BFC62B00444199 /* Resources */,
			);
			path = "Shared (App)";
			sourceTree = "<group>";
		};
		3BD4997329BFC62B00444199 /* Resources */ = {
			isa = PBXGroup;
			children = (
				3BD4997429BFC62B00444199 /* Main.html */,
				3BD4997629BFC62B00444199 /* Icon.png */,
				3BD4997729BFC62B00444199 /* Style.css */,
				3BD4997829BFC62B00444199 /* Script.js */,
			);
			path = Resources;
			sourceTree = "<group>";
		};
		3BD4997B29BFC62C00444199 /* Shared (Extension) */ = {
			isa = PBXGroup;
			children = (
				3BF821FD29BFE953009F09C1 /* Resources */,
				3BD4997C29BFC62C00444199 /* SafariWebExtensionHandler.swift */,
			);
			path = "Shared (Extension)";
			sourceTree = "<group>";
		};
		3BD4998B29BFC62C00444199 /* Products */ = {
			isa = PBXGroup;
			children = (
				3BD4998A29BFC62C00444199 /* Redirector.app */,
				3BD4999C29BFC62C00444199 /* Redirector.app */,
				3BD499A829BFC62C00444199 /* Redirector Extension.appex */,
				3BD499B229BFC62C00444199 /* Redirector Extension.appex */,
			);
			name = Products;
			sourceTree = "<group>";
		};
		3BD4998C29BFC62C00444199 /* iOS (App) */ = {
			isa = PBXGroup;
			children = (
				3BD4998D29BFC62C00444199 /* AppDelegate.swift */,
				3BD4998F29BFC62C00444199 /* SceneDelegate.swift */,
				3BD4999129BFC62C00444199 /* LaunchScreen.storyboard */,
				3BD4999429BFC62C00444199 /* Main.storyboard */,
				3BD4999729BFC62C00444199 /* Info.plist */,
			);
			path = "iOS (App)";
			sourceTree = "<group>";
		};
		3BD4999D29BFC62C00444199 /* macOS (App) */ = {
			isa = PBXGroup;
			children = (
				3BD4999E29BFC62C00444199 /* AppDelegate.swift */,
				3BD499A029BFC62C00444199 /* Main.storyboard */,
				3BD499A329BFC62C00444199 /* Redirector.entitlements */,
			);
			path = "macOS (App)";
			sourceTree = "<group>";
		};
		3BD499AC29BFC62C00444199 /* iOS (Extension) */ = {
			isa = PBXGroup;
			children = (
				3BD499AD29BFC62C00444199 /* Info.plist */,
			);
			path = "iOS (Extension)";
			sourceTree = "<group>";
		};
		3BD499B629BFC62C00444199 /* macOS (Extension) */ = {
			isa = PBXGroup;
			children = (
				3BD499B729BFC62C00444199 /* Info.plist */,
				3BD499B829BFC62C00444199 /* Redirector.entitlements */,
			);
			path = "macOS (Extension)";
			sourceTree = "<group>";
		};
		3BF821FD29BFE953009F09C1 /* Resources */ = {
			isa = PBXGroup;
			children = (
				3BF821FE29BFE96D009F09C1 /* assets */,
				3BF821FF29BFE96D009F09C1 /* background.html */,
				3BF8220229BFE96D009F09C1 /* favicon.ico */,
				3BF8220029BFE96D009F09C1 /* icon.png */,
				3BF8220329BFE96D009F09C1 /* index.html */,
				3BF8220129BFE96D009F09C1 /* manifest.json */,
			);
			path = Resources;
			sourceTree = "<group>";
		};
/* End PBXGroup section */

/* Begin PBXNativeTarget section */
		3BD4998929BFC62C00444199 /* Redirector (iOS) */ = {
			isa = PBXNativeTarget;
			buildConfigurationList = 3BD499DD29BFC62C00444199 /* Build configuration list for PBXNativeTarget "Redirector (iOS)" */;
			buildPhases = (
				3BD4998629BFC62C00444199 /* Sources */,
				3BD4998729BFC62C00444199 /* Frameworks */,
				3BD4998829BFC62C00444199 /* Resources */,
				3BD499DC29BFC62C00444199 /* Embed Foundation Extensions */,
			);
			buildRules = (
			);
			dependencies = (
				3BD499AB29BFC62C00444199 /* PBXTargetDependency */,
			);
			name = "Redirector (iOS)";
			productName = "Redirector (iOS)";
			productReference = 3BD4998A29BFC62C00444199 /* Redirector.app */;
			productType = "com.apple.product-type.application";
		};
		3BD4999B29BFC62C00444199 /* Redirector (macOS) */ = {
			isa = PBXNativeTarget;
			buildConfigurationList = 3BD499E429BFC62C00444199 /* Build configuration list for PBXNativeTarget "Redirector (macOS)" */;
			buildPhases = (
				3BD4999829BFC62C00444199 /* Sources */,
				3BD4999929BFC62C00444199 /* Frameworks */,
				3BD4999A29BFC62C00444199 /* Resources */,
				3BD499E329BFC62C00444199 /* Embed Foundation Extensions */,
			);
			buildRules = (
			);
			dependencies = (
				3BD499B529BFC62C00444199 /* PBXTargetDependency */,
			);
			name = "Redirector (macOS)";
			productName = "Redirector (macOS)";
			productReference = 3BD4999C29BFC62C00444199 /* Redirector.app */;
			productType = "com.apple.product-type.application";
		};
		3BD499A729BFC62C00444199 /* Redirector Extension (iOS) */ = {
			isa = PBXNativeTarget;
			buildConfigurationList = 3BD499D929BFC62C00444199 /* Build configuration list for PBXNativeTarget "Redirector Extension (iOS)" */;
			buildPhases = (
				3BD499A429BFC62C00444199 /* Sources */,
				3BD499A529BFC62C00444199 /* Frameworks */,
				3BD499A629BFC62C00444199 /* Resources */,
			);
			buildRules = (
			);
			dependencies = (
			);
			name = "Redirector Extension (iOS)";
			productName = "Redirector Extension (iOS)";
			productReference = 3BD499A829BFC62C00444199 /* Redirector Extension.appex */;
			productType = "com.apple.product-type.app-extension";
		};
		3BD499B129BFC62C00444199 /* Redirector Extension (macOS) */ = {
			isa = PBXNativeTarget;
			buildConfigurationList = 3BD499E029BFC62C00444199 /* Build configuration list for PBXNativeTarget "Redirector Extension (macOS)" */;
			buildPhases = (
				3BD499AE29BFC62C00444199 /* Sources */,
				3BD499AF29BFC62C00444199 /* Frameworks */,
				3BD499B029BFC62C00444199 /* Resources */,
			);
			buildRules = (
			);
			dependencies = (
			);
			name = "Redirector Extension (macOS)";
			productName = "Redirector Extension (macOS)";
			productReference = 3BD499B229BFC62C00444199 /* Redirector Extension.appex */;
			productType = "com.apple.product-type.app-extension";
		};
/* End PBXNativeTarget section */

/* Begin PBXProject section */
		3BD4996E29BFC62B00444199 /* Project object */ = {
			isa = PBXProject;
			attributes = {
				BuildIndependentTargetsInParallel = 1;
				LastSwiftUpdateCheck = 1420;
				LastUpgradeCheck = 1420;
				TargetAttributes = {
					3BD4998929BFC62C00444199 = {
						CreatedOnToolsVersion = 14.2;
					};
					3BD4999B29BFC62C00444199 = {
						CreatedOnToolsVersion = 14.2;
					};
					3BD499A729BFC62C00444199 = {
						CreatedOnToolsVersion = 14.2;
					};
					3BD499B129BFC62C00444199 = {
						CreatedOnToolsVersion = 14.2;
					};
				};
			};
			buildConfigurationList = 3BD4997129BFC62B00444199 /* Build configuration list for PBXProject "Redirector" */;
			compatibilityVersion = "Xcode 14.0";
			developmentRegion = en;
			hasScannedForEncodings = 0;
			knownRegions = (
				en,
				Base,
			);
			mainGroup = 3BD4996D29BFC62B00444199;
			productRefGroup = 3BD4998B29BFC62C00444199 /* Products */;
			projectDirPath = "";
			projectRoot = "";
			targets = (
				3BD4998929BFC62C00444199 /* Redirector (iOS) */,
				3BD4999B29BFC62C00444199 /* Redirector (macOS) */,
				3BD499A729BFC62C00444199 /* Redirector Extension (iOS) */,
				3BD499B129BFC62C00444199 /* Redirector Extension (macOS) */,
			);
		};
/* End PBXProject section */

/* Begin PBXResourcesBuildPhase section */
		3BD4998829BFC62C00444199 /* Resources */ = {
			isa = PBXResourcesBuildPhase;
			buildActionMask = 2147483647;
			files = (
				3BD499BB29BFC62C00444199 /* Icon.png in Resources */,
				3BD4999329BFC62C00444199 /* LaunchScreen.storyboard in Resources */,
				3BD499B929BFC62C00444199 /* Main.html in Resources */,
				3BD499BF29BFC62C00444199 /* Script.js in Resources */,
				3BF8221929C111AA009F09C1 /* Config.xcconfig in Resources */,
				3BD499C329BFC62C00444199 /* Assets.xcassets in Resources */,
				3BD4999629BFC62C00444199 /* Main.storyboard in Resources */,
				3BD499BD29BFC62C00444199 /* Style.css in Resources */,
			);
			runOnlyForDeploymentPostprocessing = 0;
		};
		3BD4999A29BFC62C00444199 /* Resources */ = {
			isa = PBXResourcesBuildPhase;
			buildActionMask = 2147483647;
			files = (
				3BD499BC29BFC62C00444199 /* Icon.png in Resources */,
				3BD499BE29BFC62C00444199 /* Style.css in Resources */,
				3BD499A229BFC62C00444199 /* Main.storyboard in Resources */,
				3BD499C029BFC62C00444199 /* Script.js in Resources */,
				3BD499C429BFC62C00444199 /* Assets.xcassets in Resources */,
				3BF8221A29C111AA009F09C1 /* Config.xcconfig in Resources */,
				3BD499BA29BFC62C00444199 /* Main.html in Resources */,
			);
			runOnlyForDeploymentPostprocessing = 0;
		};
		3BD499A629BFC62C00444199 /* Resources */ = {
			isa = PBXResourcesBuildPhase;
			buildActionMask = 2147483647;
			files = (
				3BF8220A29BFE96D009F09C1 /* manifest.json in Resources */,
				3BF8220629BFE96D009F09C1 /* background.html in Resources */,
				3BF8220429BFE96D009F09C1 /* assets in Resources */,
				3BF8220E29BFE96D009F09C1 /* index.html in Resources */,
				3BF8221029BFF507009F09C1 /* Assets.xcassets in Resources */,
				3BF8220829BFE96D009F09C1 /* icon.png in Resources */,
				3BF8220C29BFE96D009F09C1 /* favicon.ico in Resources */,
			);
			runOnlyForDeploymentPostprocessing = 0;
		};
		3BD499B029BFC62C00444199 /* Resources */ = {
			isa = PBXResourcesBuildPhase;
			buildActionMask = 2147483647;
			files = (
				3BF8220B29BFE96D009F09C1 /* manifest.json in Resources */,
				3BF8220729BFE96D009F09C1 /* background.html in Resources */,
				3BF8220529BFE96D009F09C1 /* assets in Resources */,
				3BF8220F29BFE96D009F09C1 /* index.html in Resources */,
				3BF8221129BFF507009F09C1 /* Assets.xcassets in Resources */,
				3BF8220929BFE96D009F09C1 /* icon.png in Resources */,
				3BF8220D29BFE96D009F09C1 /* favicon.ico in Resources */,
			);
			runOnlyForDeploymentPostprocessing = 0;
		};
/* End PBXResourcesBuildPhase section */

/* Begin PBXSourcesBuildPhase section */
		3BD4998629BFC62C00444199 /* Sources */ = {
			isa = PBXSourcesBuildPhase;
			buildActionMask = 2147483647;
			files = (
				3BD499C129BFC62C00444199 /* ViewController.swift in Sources */,
				3BD4998E29BFC62C00444199 /* AppDelegate.swift in Sources */,
				3BD4999029BFC62C00444199 /* SceneDelegate.swift in Sources */,
			);
			runOnlyForDeploymentPostprocessing = 0;
		};
		3BD4999829BFC62C00444199 /* Sources */ = {
			isa = PBXSourcesBuildPhase;
			buildActionMask = 2147483647;
			files = (
				3BD499C229BFC62C00444199 /* ViewController.swift in Sources */,
				3BD4999F29BFC62C00444199 /* AppDelegate.swift in Sources */,
			);
			runOnlyForDeploymentPostprocessing = 0;
		};
		3BD499A429BFC62C00444199 /* Sources */ = {
			isa = PBXSourcesBuildPhase;
			buildActionMask = 2147483647;
			files = (
				3BD499C529BFC62C00444199 /* SafariWebExtensionHandler.swift in Sources */,
			);
			runOnlyForDeploymentPostprocessing = 0;
		};
		3BD499AE29BFC62C00444199 /* Sources */ = {
			isa = PBXSourcesBuildPhase;
			buildActionMask = 2147483647;
			files = (
				3BD499C629BFC62C00444199 /* SafariWebExtensionHandler.swift in Sources */,
			);
			runOnlyForDeploymentPostprocessing = 0;
		};
/* End PBXSourcesBuildPhase section */

/* Begin PBXTargetDependency section */
		3BD499AB29BFC62C00444199 /* PBXTargetDependency */ = {
			isa = PBXTargetDependency;
			target = 3BD499A729BFC62C00444199 /* Redirector Extension (iOS) */;
			targetProxy = 3BD499AA29BFC62C00444199 /* PBXContainerItemProxy */;
		};
		3BD499B529BFC62C00444199 /* PBXTargetDependency */ = {
			isa = PBXTargetDependency;
			target = 3BD499B129BFC62C00444199 /* Redirector Extension (macOS) */;
			targetProxy = 3BD499B429BFC62C00444199 /* PBXContainerItemProxy */;
		};
/* End PBXTargetDependency section */

/* Begin PBXVariantGroup section */
		3BD4997429BFC62B00444199 /* Main.html */ = {
			isa = PBXVariantGroup;
			children = (
				3BD4997529BFC62B00444199 /* Base */,
			);
			name = Main.html;
			sourceTree = "<group>";
		};
		3BD4999129BFC62C00444199 /* LaunchScreen.storyboard */ = {
			isa = PBXVariantGroup;
			children = (
				3BD4999229BFC62C00444199 /* Base */,
			);
			name = LaunchScreen.storyboard;
			sourceTree = "<group>";
		};
		3BD4999429BFC62C00444199 /* Main.storyboard */ = {
			isa = PBXVariantGroup;
			children = (
				3BD4999529BFC62C00444199 /* Base */,
			);
			name = Main.storyboard;
			sourceTree = "<group>";
		};
		3BD499A029BFC62C00444199 /* Main.storyboard */ = {
			isa = PBXVariantGroup;
			children = (
				3BD499A129BFC62C00444199 /* Base */,
			);
			name = Main.storyboard;
			sourceTree = "<group>";
		};
/* End PBXVariantGroup section */

/* Begin XCBuildConfiguration section */
		3BD499D729BFC62C00444199 /* Debug */ = {
			isa = XCBuildConfiguration;
			baseConfigurationReference = 3BF8221829C111A9009F09C1 /* Config.xcconfig */;
			buildSettings = {
				ALWAYS_SEARCH_USER_PATHS = NO;
				CLANG_ANALYZER_NONNULL = YES;
				CLANG_ANALYZER_NUMBER_OBJECT_CONVERSION = YES_AGGRESSIVE;
				CLANG_CXX_LANGUAGE_STANDARD = "gnu++20";
				CLANG_ENABLE_MODULES = YES;
				CLANG_ENABLE_OBJC_ARC = YES;
				CLANG_ENABLE_OBJC_WEAK = YES;
				CLANG_WARN_BLOCK_CAPTURE_AUTORELEASING = YES;
				CLANG_WARN_BOOL_CONVERSION = YES;
				CLANG_WARN_COMMA = YES;
				CLANG_WARN_CONSTANT_CONVERSION = YES;
				CLANG_WARN_DEPRECATED_OBJC_IMPLEMENTATIONS = YES;
				CLANG_WARN_DIRECT_OBJC_ISA_USAGE = YES_ERROR;
				CLANG_WARN_DOCUMENTATION_COMMENTS = YES;
				CLANG_WARN_EMPTY_BODY = YES;
				CLANG_WARN_ENUM_CONVERSION = YES;
				CLANG_WARN_INFINITE_RECURSION = YES;
				CLANG_WARN_INT_CONVERSION = YES;
				CLANG_WARN_NON_LITERAL_NULL_CONVERSION = YES;
				CLANG_WARN_OBJC_IMPLICIT_RETAIN_SELF = YES;
				CLANG_WARN_OBJC_LITERAL_CONVERSION = YES;
				CLANG_WARN_OBJC_ROOT_CLASS = YES_ERROR;
				CLANG_WARN_QUOTED_INCLUDE_IN_FRAMEWORK_HEADER = YES;
				CLANG_WARN_RANGE_LOOP_ANALYSIS = YES;
				CLANG_WARN_STRICT_PROTOTYPES = YES;
				CLANG_WARN_SUSPICIOUS_MOVE = YES;
				CLANG_WARN_UNGUARDED_AVAILABILITY = YES_AGGRESSIVE;
				CLANG_WARN_UNREACHABLE_CODE = YES;
				CLANG_WARN__DUPLICATE_METHOD_MATCH = YES;
				COPY_PHASE_STRIP = NO;
				DEBUG_INFORMATION_FORMAT = dwarf;
				ENABLE_STRICT_OBJC_MSGSEND = YES;
				ENABLE_TESTABILITY = YES;
				GCC_C_LANGUAGE_STANDARD = gnu11;
				GCC_DYNAMIC_NO_PIC = NO;
				GCC_NO_COMMON_BLOCKS = YES;
				GCC_OPTIMIZATION_LEVEL = 0;
				GCC_PREPROCESSOR_DEFINITIONS = (
					"DEBUG=1",
					"$(inherited)",
				);
				GCC_WARN_64_TO_32_BIT_CONVERSION = YES;
				GCC_WARN_ABOUT_RETURN_TYPE = YES_ERROR;
				GCC_WARN_UNDECLARED_SELECTOR = YES;
				GCC_WARN_UNINITIALIZED_AUTOS = YES_AGGRESSIVE;
				GCC_WARN_UNUSED_FUNCTION = YES;
				GCC_WARN_UNUSED_VARIABLE = YES;
				MTL_ENABLE_DEBUG_INFO = INCLUDE_SOURCE;
				MTL_FAST_MATH = YES;
				ONLY_ACTIVE_ARCH = YES;
				PRODUCT_BUNDLE_IDENTIFIER = "$(BUNDLE_IDENTIFIER)";
				SWIFT_ACTIVE_COMPILATION_CONDITIONS = DEBUG;
				SWIFT_OPTIMIZATION_LEVEL = "-Onone";
			};
			name = Debug;
		};
		3BD499D829BFC62C00444199 /* Release */ = {
			isa = XCBuildConfiguration;
			baseConfigurationReference = 3BF8221829C111A9009F09C1 /* Config.xcconfig */;
			buildSettings = {
				ALWAYS_SEARCH_USER_PATHS = NO;
				CLANG_ANALYZER_NONNULL = YES;
				CLANG_ANALYZER_NUMBER_OBJECT_CONVERSION = YES_AGGRESSIVE;
				CLANG_CXX_LANGUAGE_STANDARD = "gnu++20";
				CLANG_ENABLE_MODULES = YES;
				CLANG_ENABLE_OBJC_ARC = YES;
				CLANG_ENABLE_OBJC_WEAK = YES;
				CLANG_WARN_BLOCK_CAPTURE_AUTORELEASING = YES;
				CLANG_WARN_BOOL_CONVERSION = YES;
				CLANG_WARN_COMMA = YES;
				CLANG_WARN_CONSTANT_CONVERSION = YES;
				CLANG_WARN_DEPRECATED_OBJC_IMPLEMENTATIONS = YES;
				CLANG_WARN_DIRECT_OBJC_ISA_USAGE = YES_ERROR;
				CLANG_WARN_DOCUMENTATION_COMMENTS = YES;
				CLANG_WARN_EMPTY_BODY = YES;
				CLANG_WARN_ENUM_CONVERSION = YES;
				CLANG_WARN_INFINITE_RECURSION = YES;
				CLANG_WARN_INT_CONVERSION = YES;
				CLANG_WARN_NON_LITERAL_NULL_CONVERSION = YES;
				CLANG_WARN_OBJC_IMPLICIT_RETAIN_SELF = YES;
				CLANG_WARN_OBJC_LITERAL_CONVERSION = YES;
				CLANG_WARN_OBJC_ROOT_CLASS = YES_ERROR;
				CLANG_WARN_QUOTED_INCLUDE_IN_FRAMEWORK_HEADER = YES;
				CLANG_WARN_RANGE_LOOP_ANALYSIS = YES;
				CLANG_WARN_STRICT_PROTOTYPES = YES;
				CLANG_WARN_SUSPICIOUS_MOVE = YES;
				CLANG_WARN_UNGUARDED_AVAILABILITY = YES_AGGRESSIVE;
				CLANG_WARN_UNREACHABLE_CODE = YES;
				CLANG_WARN__DUPLICATE_METHOD_MATCH = YES;
				COPY_PHASE_STRIP = NO;
				DEBUG_INFORMATION_FORMAT = "dwarf-with-dsym";
				ENABLE_NS_ASSERTIONS = NO;
				ENABLE_STRICT_OBJC_MSGSEND = YES;
				GCC_C_LANGUAGE_STANDARD = gnu11;
				GCC_NO_COMMON_BLOCKS = YES;
				GCC_WARN_64_TO_32_BIT_CONVERSION = YES;
				GCC_WARN_ABOUT_RETURN_TYPE = YES_ERROR;
				GCC_WARN_UNDECLARED_SELECTOR = YES;
				GCC_WARN_UNINITIALIZED_AUTOS = YES_AGGRESSIVE;
				GCC_WARN_UNUSED_FUNCTION = YES;
				GCC_WARN_UNUSED_VARIABLE = YES;
				MTL_ENABLE_DEBUG_INFO = NO;
				MTL_FAST_MATH = YES;
				PRODUCT_BUNDLE_IDENTIFIER = "$(BUNDLE_IDENTIFIER)";
				SWIFT_COMPILATION_MODE = wholemodule;
				SWIFT_OPTIMIZATION_LEVEL = "-O";
			};
			name = Release;
		};
		3BD499DA29BFC62C00444199 /* Debug */ = {
			isa = XCBuildConfiguration;
			baseConfigurationReference = 3BF8221829C111A9009F09C1 /* Config.xcconfig */;
			buildSettings = {
				"CODE_SIGN_IDENTITY[sdk=iphoneos*]" = "iPhone Distribution";
				CODE_SIGN_STYLE = Manual;
				CURRENT_PROJECT_VERSION = 41;
				DEVELOPMENT_TEAM = "$(DEVELOPMENT_TEAM)";
				"DEVELOPMENT_TEAM[sdk=iphoneos*]" = "$(DEVELOPMENT_TEAM)";
				GENERATE_INFOPLIST_FILE = YES;
				INFOPLIST_FILE = "iOS (Extension)/Info.plist";
				INFOPLIST_KEY_CFBundleDisplayName = "$(APP_NAME) Extension";
				INFOPLIST_KEY_NSHumanReadableCopyright = "";
				IPHONEOS_DEPLOYMENT_TARGET = 15.0;
				LD_RUNPATH_SEARCH_PATHS = (
					"$(inherited)",
					"@executable_path/Frameworks",
					"@executable_path/../../Frameworks",
				);
				MARKETING_VERSION = 1.0;
				OTHER_LDFLAGS = (
					"-framework",
					SafariServices,
				);
				PRODUCT_BUNDLE_IDENTIFIER = "$(BUNDLE_IDENTIFIER_EXTENSION)";
				PRODUCT_NAME = "$(APP_NAME) Extension";
				PROVISIONING_PROFILE_SPECIFIER = "$(PROVISIONING_PROFILE_SPECIFIER)";
				"PROVISIONING_PROFILE_SPECIFIER[sdk=iphoneos*]" = "$(PROVISIONING_PROFILE_SPECIFIER_EXTENSION)";
				SDKROOT = iphoneos;
				SKIP_INSTALL = YES;
				SWIFT_EMIT_LOC_STRINGS = YES;
				SWIFT_VERSION = 5.0;
				TARGETED_DEVICE_FAMILY = "1,2";
			};
			name = Debug;
		};
		3BD499DB29BFC62C00444199 /* Release */ = {
			isa = XCBuildConfiguration;
			baseConfigurationReference = 3BF8221829C111A9009F09C1 /* Config.xcconfig */;
			buildSettings = {
				"CODE_SIGN_IDENTITY[sdk=iphoneos*]" = "iPhone Distribution";
				CODE_SIGN_STYLE = Manual;
				CURRENT_PROJECT_VERSION = 41;
				DEVELOPMENT_TEAM = "$(DEVELOPMENT_TEAM)";
				"DEVELOPMENT_TEAM[sdk=iphoneos*]" = "$(DEVELOPMENT_TEAM)";
				GENERATE_INFOPLIST_FILE = YES;
				INFOPLIST_FILE = "iOS (Extension)/Info.plist";
				INFOPLIST_KEY_CFBundleDisplayName = "$(APP_NAME) Extension";
				INFOPLIST_KEY_NSHumanReadableCopyright = "";
				IPHONEOS_DEPLOYMENT_TARGET = 15.0;
				LD_RUNPATH_SEARCH_PATHS = (
					"$(inherited)",
					"@executable_path/Frameworks",
					"@executable_path/../../Frameworks",
				);
				MARKETING_VERSION = 1.0;
				OTHER_LDFLAGS = (
					"-framework",
					SafariServices,
				);
				PRODUCT_BUNDLE_IDENTIFIER = "$(BUNDLE_IDENTIFIER_EXTENSION)";
				PRODUCT_NAME = "$(APP_NAME) Extension";
				PROVISIONING_PROFILE_SPECIFIER = "$(PROVISIONING_PROFILE_SPECIFIER)";
				"PROVISIONING_PROFILE_SPECIFIER[sdk=iphoneos*]" = "$(PROVISIONING_PROFILE_SPECIFIER_EXTENSION)";
				SDKROOT = iphoneos;
				SKIP_INSTALL = YES;
				SWIFT_EMIT_LOC_STRINGS = YES;
				SWIFT_VERSION = 5.0;
				TARGETED_DEVICE_FAMILY = "1,2";
				VALIDATE_PRODUCT = YES;
			};
			name = Release;
		};
		3BD499DE29BFC62C00444199 /* Debug */ = {
			isa = XCBuildConfiguration;
			baseConfigurationReference = 3BF8221829C111A9009F09C1 /* Config.xcconfig */;
			buildSettings = {
				ALWAYS_EMBED_SWIFT_STANDARD_LIBRARIES = YES;
				ASSETCATALOG_COMPILER_APPICON_NAME = AppIcon;
				ASSETCATALOG_COMPILER_GLOBAL_ACCENT_COLOR_NAME = AccentColor;
				CODE_SIGN_IDENTITY = "Apple Development";
				"CODE_SIGN_IDENTITY[sdk=iphoneos*]" = "iPhone Distribution";
				CODE_SIGN_STYLE = Manual;
				CURRENT_PROJECT_VERSION = 41;
				DEVELOPMENT_TEAM = "$(DEVELOPMENT_TEAM)";
				"DEVELOPMENT_TEAM[sdk=iphoneos*]" = "$(DEVELOPMENT_TEAM)";
				GENERATE_INFOPLIST_FILE = YES;
				INFOPLIST_FILE = "iOS (App)/Info.plist";
				INFOPLIST_KEY_CFBundleDisplayName = "$(APP_NAME)";
				INFOPLIST_KEY_LSApplicationCategoryType = "public.app-category.utilities";
				INFOPLIST_KEY_UIApplicationSupportsIndirectInputEvents = YES;
				INFOPLIST_KEY_UILaunchStoryboardName = LaunchScreen;
				INFOPLIST_KEY_UIMainStoryboardFile = Main;
				INFOPLIST_KEY_UISupportedInterfaceOrientations = "UIInterfaceOrientationPortrait UIInterfaceOrientationLandscapeLeft UIInterfaceOrientationLandscapeRight";
				INFOPLIST_KEY_UISupportedInterfaceOrientations_iPad = "UIInterfaceOrientationPortrait UIInterfaceOrientationPortraitUpsideDown UIInterfaceOrientationLandscapeLeft UIInterfaceOrientationLandscapeRight";
				IPHONEOS_DEPLOYMENT_TARGET = 15.0;
				LD_RUNPATH_SEARCH_PATHS = (
					"$(inherited)",
					"@executable_path/Frameworks",
				);
				MARKETING_VERSION = 1.0;
				OTHER_LDFLAGS = (
					"-framework",
					SafariServices,
					"-framework",
					WebKit,
				);
				PRODUCT_BUNDLE_IDENTIFIER = "$(BUNDLE_IDENTIFIER)";
				PRODUCT_NAME = "$(APP_NAME)";
				PROVISIONING_PROFILE_SPECIFIER = "$(PROVISIONING_PROFILE_SPECIFIER)";
				"PROVISIONING_PROFILE_SPECIFIER[sdk=iphoneos*]" = "$(PROVISIONING_PROFILE_SPECIFIER)";
				SDKROOT = iphoneos;
				SWIFT_EMIT_LOC_STRINGS = YES;
				SWIFT_VERSION = 5.0;
				TARGETED_DEVICE_FAMILY = "1,2";
			};
			name = Debug;
		};
		3BD499DF29BFC62C00444199 /* Release */ = {
			isa = XCBuildConfiguration;
			baseConfigurationReference = 3BF8221829C111A9009F09C1 /* Config.xcconfig */;
			buildSettings = {
				ALWAYS_EMBED_SWIFT_STANDARD_LIBRARIES = YES;
				ASSETCATALOG_COMPILER_APPICON_NAME = AppIcon;
				ASSETCATALOG_COMPILER_GLOBAL_ACCENT_COLOR_NAME = AccentColor;
				CODE_SIGN_IDENTITY = "Apple Development";
				"CODE_SIGN_IDENTITY[sdk=iphoneos*]" = "iPhone Distribution";
				CODE_SIGN_STYLE = Manual;
				CURRENT_PROJECT_VERSION = 41;
				DEVELOPMENT_TEAM = "$(DEVELOPMENT_TEAM)";
				"DEVELOPMENT_TEAM[sdk=iphoneos*]" = "$(DEVELOPMENT_TEAM)";
				GENERATE_INFOPLIST_FILE = YES;
				INFOPLIST_FILE = "iOS (App)/Info.plist";
				INFOPLIST_KEY_CFBundleDisplayName = "$(APP_NAME)";
				INFOPLIST_KEY_LSApplicationCategoryType = "public.app-category.utilities";
				INFOPLIST_KEY_UIApplicationSupportsIndirectInputEvents = YES;
				INFOPLIST_KEY_UILaunchStoryboardName = LaunchScreen;
				INFOPLIST_KEY_UIMainStoryboardFile = Main;
				INFOPLIST_KEY_UISupportedInterfaceOrientations = "UIInterfaceOrientationPortrait UIInterfaceOrientationLandscapeLeft UIInterfaceOrientationLandscapeRight";
				INFOPLIST_KEY_UISupportedInterfaceOrientations_iPad = "UIInterfaceOrientationPortrait UIInterfaceOrientationPortraitUpsideDown UIInterfaceOrientationLandscapeLeft UIInterfaceOrientationLandscapeRight";
				IPHONEOS_DEPLOYMENT_TARGET = 15.0;
				LD_RUNPATH_SEARCH_PATHS = (
					"$(inherited)",
					"@executable_path/Frameworks",
				);
				MARKETING_VERSION = 1.0;
				OTHER_LDFLAGS = (
					"-framework",
					SafariServices,
					"-framework",
					WebKit,
				);
				PRODUCT_BUNDLE_IDENTIFIER = "$(BUNDLE_IDENTIFIER)";
				PRODUCT_NAME = "$(APP_NAME)";
				PROVISIONING_PROFILE_SPECIFIER = "$(PROVISIONING_PROFILE_SPECIFIER)";
				"PROVISIONING_PROFILE_SPECIFIER[sdk=iphoneos*]" = "$(PROVISIONING_PROFILE_SPECIFIER)";
				SDKROOT = iphoneos;
				SWIFT_EMIT_LOC_STRINGS = YES;
				SWIFT_VERSION = 5.0;
				TARGETED_DEVICE_FAMILY = "1,2";
				VALIDATE_PRODUCT = YES;
			};
			name = Release;
		};
		3BD499E129BFC62C00444199 /* Debug */ = {
			isa = XCBuildConfiguration;
			baseConfigurationReference = 3BF8221829C111A9009F09C1 /* Config.xcconfig */;
			buildSettings = {
				CODE_SIGN_ENTITLEMENTS = "macOS (Extension)/Redirector.entitlements";
				CODE_SIGN_STYLE = Automatic;
				CURRENT_PROJECT_VERSION = 41;
				DEVELOPMENT_TEAM = "$(DEVELOPMENT_TEAM)";
				ENABLE_HARDENED_RUNTIME = YES;
				GENERATE_INFOPLIST_FILE = YES;
				INFOPLIST_FILE = "macOS (Extension)/Info.plist";
				INFOPLIST_KEY_CFBundleDisplayName = "$(APP_NAME) Extension";
				INFOPLIST_KEY_NSHumanReadableCopyright = "";
				LD_RUNPATH_SEARCH_PATHS = (
					"$(inherited)",
					"@executable_path/../Frameworks",
					"@executable_path/../../../../Frameworks",
				);
				MACOSX_DEPLOYMENT_TARGET = 10.14;
				MARKETING_VERSION = 1.0;
				OTHER_LDFLAGS = (
					"-framework",
					SafariServices,
				);
				PRODUCT_BUNDLE_IDENTIFIER = "$(BUNDLE_IDENTIFIER_EXTENSION)";
				PRODUCT_NAME = "$(APP_NAME) Extension";
				SDKROOT = macosx;
				SKIP_INSTALL = YES;
				SWIFT_EMIT_LOC_STRINGS = YES;
				SWIFT_VERSION = 5.0;
			};
			name = Debug;
		};
		3BD499E229BFC62C00444199 /* Release */ = {
			isa = XCBuildConfiguration;
			baseConfigurationReference = 3BF8221829C111A9009F09C1 /* Config.xcconfig */;
			buildSettings = {
				CODE_SIGN_ENTITLEMENTS = "macOS (Extension)/Redirector.entitlements";
				CODE_SIGN_STYLE = Automatic;
				CURRENT_PROJECT_VERSION = 41;
				DEVELOPMENT_TEAM = "$(DEVELOPMENT_TEAM)";
				ENABLE_HARDENED_RUNTIME = YES;
				GENERATE_INFOPLIST_FILE = YES;
				INFOPLIST_FILE = "macOS (Extension)/Info.plist";
				INFOPLIST_KEY_CFBundleDisplayName = "$(APP_NAME) Extension";
				INFOPLIST_KEY_NSHumanReadableCopyright = "";
				LD_RUNPATH_SEARCH_PATHS = (
					"$(inherited)",
					"@executable_path/../Frameworks",
					"@executable_path/../../../../Frameworks",
				);
				MACOSX_DEPLOYMENT_TARGET = 10.14;
				MARKETING_VERSION = 1.0;
				OTHER_LDFLAGS = (
					"-framework",
					SafariServices,
				);
				PRODUCT_BUNDLE_IDENTIFIER = "$(BUNDLE_IDENTIFIER_EXTENSION)";
				PRODUCT_NAME = "$(APP_NAME) Extension";
				SDKROOT = macosx;
				SKIP_INSTALL = YES;
				SWIFT_EMIT_LOC_STRINGS = YES;
				SWIFT_VERSION = 5.0;
			};
			name = Release;
		};
		3BD499E529BFC62C00444199 /* Debug */ = {
			isa = XCBuildConfiguration;
			baseConfigurationReference = 3BF8221829C111A9009F09C1 /* Config.xcconfig */;
			buildSettings = {
				ALWAYS_EMBED_SWIFT_STANDARD_LIBRARIES = YES;
				ASSETCATALOG_COMPILER_APPICON_NAME = AppIcon;
				ASSETCATALOG_COMPILER_GLOBAL_ACCENT_COLOR_NAME = AccentColor;
				CODE_SIGN_ENTITLEMENTS = "macOS (App)/Redirector.entitlements";
				CODE_SIGN_IDENTITY = "Apple Development";
				CODE_SIGN_STYLE = Automatic;
				CURRENT_PROJECT_VERSION = 41;
				DEVELOPMENT_TEAM = "$(DEVELOPMENT_TEAM)";
				ENABLE_HARDENED_RUNTIME = YES;
				GENERATE_INFOPLIST_FILE = YES;
				INFOPLIST_KEY_CFBundleDisplayName = "$(APP_NAME)";
				INFOPLIST_KEY_NSMainStoryboardFile = Main;
				INFOPLIST_KEY_NSPrincipalClass = NSApplication;
				LD_RUNPATH_SEARCH_PATHS = (
					"$(inherited)",
					"@executable_path/../Frameworks",
				);
				MACOSX_DEPLOYMENT_TARGET = 10.14;
				MARKETING_VERSION = 1.0;
				OTHER_LDFLAGS = (
					"-framework",
					SafariServices,
					"-framework",
					WebKit,
				);
				PRODUCT_BUNDLE_IDENTIFIER = "$(BUNDLE_IDENTIFIER)";
				PRODUCT_NAME = "$(APP_NAME)";
				PROVISIONING_PROFILE_SPECIFIER = "$(PROVISIONING_PROFILE_SPECIFIER)";
				SDKROOT = macosx;
				SWIFT_EMIT_LOC_STRINGS = YES;
				SWIFT_VERSION = 5.0;
			};
			name = Debug;
		};
		3BD499E629BFC62C00444199 /* Release */ = {
			isa = XCBuildConfiguration;
			baseConfigurationReference = 3BF8221829C111A9009F09C1 /* Config.xcconfig */;
			buildSettings = {
				ALWAYS_EMBED_SWIFT_STANDARD_LIBRARIES = YES;
				ASSETCATALOG_COMPILER_APPICON_NAME = AppIcon;
				ASSETCATALOG_COMPILER_GLOBAL_ACCENT_COLOR_NAME = AccentColor;
				CODE_SIGN_ENTITLEMENTS = "macOS (App)/Redirector.entitlements";
				CODE_SIGN_IDENTITY = "Apple Development";
				CODE_SIGN_STYLE = Automatic;
				CURRENT_PROJECT_VERSION = 41;
				DEVELOPMENT_TEAM = "$(DEVELOPMENT_TEAM)";
				ENABLE_HARDENED_RUNTIME = YES;
				GENERATE_INFOPLIST_FILE = YES;
				INFOPLIST_KEY_CFBundleDisplayName = "$(APP_NAME)";
				INFOPLIST_KEY_NSMainStoryboardFile = Main;
				INFOPLIST_KEY_NSPrincipalClass = NSApplication;
				LD_RUNPATH_SEARCH_PATHS = (
					"$(inherited)",
					"@executable_path/../Frameworks",
				);
				MACOSX_DEPLOYMENT_TARGET = 10.14;
				MARKETING_VERSION = 1.0;
				OTHER_LDFLAGS = (
					"-framework",
					SafariServices,
					"-framework",
					WebKit,
				);
				PRODUCT_BUNDLE_IDENTIFIER = "$(BUNDLE_IDENTIFIER)";
				PRODUCT_NAME = "$(APP_NAME)";
				PROVISIONING_PROFILE_SPECIFIER = "$(PROVISIONING_PROFILE_SPECIFIER)";
				SDKROOT = macosx;
				SWIFT_EMIT_LOC_STRINGS = YES;
				SWIFT_VERSION = 5.0;
			};
			name = Release;
		};
/* End XCBuildConfiguration section */

/* Begin XCConfigurationList section */
		3BD4997129BFC62B00444199 /* Build configuration list for PBXProject "Redirector" */ = {
			isa = XCConfigurationList;
			buildConfigurations = (
				3BD499D729BFC62C00444199 /* Debug */,
				3BD499D829BFC62C00444199 /* Release */,
			);
			defaultConfigurationIsVisible = 0;
			defaultConfigurationName = Release;
		};
		3BD499D929BFC62C00444199 /* Build configuration list for PBXNativeTarget "Redirector Extension (iOS)" */ = {
			isa = XCConfigurationList;
			buildConfigurations = (
				3BD499DA29BFC62C00444199 /* Debug */,
				3BD499DB29BFC62C00444199 /* Release */,
			);
			defaultConfigurationIsVisible = 0;
			defaultConfigurationName = Release;
		};
		3BD499DD29BFC62C00444199 /* Build configuration list for PBXNativeTarget "Redirector (iOS)" */ = {
			isa = XCConfigurationList;
			buildConfigurations = (
				3BD499DE29BFC62C00444199 /* Debug */,
				3BD499DF29BFC62C00444199 /* Release */,
			);
			defaultConfigurationIsVisible = 0;
			defaultConfigurationName = Release;
		};
		3BD499E029BFC62C00444199 /* Build configuration list for PBXNativeTarget "Redirector Extension (macOS)" */ = {
			isa = XCConfigurationList;
			buildConfigurations = (
				3BD499E129BFC62C00444199 /* Debug */,
				3BD499E229BFC62C00444199 /* Release */,
			);
			defaultConfigurationIsVisible = 0;
			defaultConfigurationName = Release;
		};
		3BD499E429BFC62C00444199 /* Build configuration list for PBXNativeTarget "Redirector (macOS)" */ = {
			isa = XCConfigurationList;
			buildConfigurations = (
				3BD499E529BFC62C00444199 /* Debug */,
				3BD499E629BFC62C00444199 /* Release */,
			);
			defaultConfigurationIsVisible = 0;
			defaultConfigurationName = Release;
		};
/* End XCConfigurationList section */
	};
	rootObject = 3BD4996E29BFC62B00444199 /* Project object */;
}
